
Microsoft Visual Studio Solution File, Format Version 12.00
# Visual Studio Version 16
VisualStudioVersion = 16.0.31424.327
MinimumVisualStudioVersion = 10.0.40219.1
Project("{D954291E-2A0B-460D-934E-DC6B0785DB48}") = "DearVoid.Shared", "DearVoid.Shared\DearVoid.Shared.shproj", "{6279C845-92F8-4333-AB99-3D213163593C}"
EndProject
Project("{2150E333-8FDC-42A3-9474-1A3956D46DE8}") = "Platforms", "Platforms", "{8FFECD19-BCBC-4CB6-9DCE-95C0E6D39226}"
EndProject
Project("{FAE04EC0-301F-11D3-BF4B-00C04F79EFBC}") = "DearVoid.Droid", "DearVoid.Droid\DearVoid.Droid.csproj", "{5D9FD1B3-0AC7-410F-AF13-7801A034A2F1}"
EndProject
Project("{FAE04EC0-301F-11D3-BF4B-00C04F79EFBC}") = "DearVoid.iOS", "DearVoid.iOS\DearVoid.iOS.csproj", "{2C62C428-F997-4F3D-ACCE-8B4477AAC300}"
EndProject
Project("{9A19103F-16F7-4668-BE54-9A1E7A4F7556}") = "DearVoid.Wasm", "DearVoid.Wasm\DearVoid.Wasm.csproj", "{610640CA-D253-4FB5-9A15-02ED59B69F58}"
EndProject
Project("{9A19103F-16F7-4668-BE54-9A1E7A4F7556}") = "DearVoid.Skia.Gtk", "DearVoid.Skia.Gtk\DearVoid.Skia.Gtk.csproj", "{35FA0B6E-5047-4129-9F9A-E5902940A052}"
EndProject
Project("{9A19103F-16F7-4668-BE54-9A1E7A4F7556}") = "DearVoid.Skia.Tizen", "DearVoid.Skia.Tizen\DearVoid.Skia.Tizen.csproj", "{CAFCCF7F-8342-473A-91FE-DC2217AFDDA4}"
EndProject
Project("{2150E333-8FDC-42A3-9474-1A3956D46DE8}") = "Client", "Client", "{DD9825DB-A0E0-4443-8143-BC9FD44C3824}"
EndProject
Project("{9A19103F-16F7-4668-BE54-9A1E7A4F7556}") = "CSE.Client", "CSE.Client\CSE.Client.csproj", "{7E987B5A-EA5D-4F40-9F80-360BCE120834}"
EndProject
Project("{2150E333-8FDC-42A3-9474-1A3956D46DE8}") = "Skunkworks", "Skunkworks", "{85E1DE40-5261-4947-8E72-885DAA62D43A}"
EndProject
Project("{2150E333-8FDC-42A3-9474-1A3956D46DE8}") = "DummyServer", "DummyServer", "{9C92BA92-5513-4604-A1B9-ACE68EDC6CD5}"
EndProject
Project("{9A19103F-16F7-4668-BE54-9A1E7A4F7556}") = "CSE.Server", "CSE.Server\CSE.Server.csproj", "{FB0F39CC-EBDA-4AED-953A-2270C5510724}"
EndProject
Project("{FAE04EC0-301F-11D3-BF4B-00C04F79EFBC}") = "ClientProxy", "ClientProxy\ClientProxy.csproj", "{E12F7532-7A86-4BC6-BF67-B938439F5837}"
EndProject
Project("{9344BDBB-3E7F-41FC-A0DD-8665D75EE146}") = "DearVoid.Skia.Wpf.Host", "DearVoid.Skia.Wpf.Host\DearVoid.Skia.Wpf.Host.csproj", "{0F89FF82-9FB5-4F4E-8989-CB8F7D0D921C}"
EndProject
Project("{9344BDBB-3E7F-41FC-A0DD-8665D75EE146}") = "DearVoid.Skia.Wpf", "DearVoid.Skia.Wpf\DearVoid.Skia.Wpf.csproj", "{84A45861-7E0B-4B9B-A42A-7DBA8F817A3B}"
EndProject
Project("{9344BDBB-3E7F-41FC-A0DD-8665D75EE146}") = "DearVoid.UWP", "DearVoid.UWP\DearVoid.UWP.csproj", "{C55975CA-BF3A-4810-A38B-3916E2DE5D4B}"
EndProject
Project("{9344BDBB-3E7F-41FC-A0DD-8665D75EE146}") = "DearVoid.macOS", "DearVoid.macOS\DearVoid.macOS.csproj", "{195D8ED4-374D-4D53-B0B7-4C924F684D54}"
EndProject
Project("{FAE04EC0-301F-11D3-BF4B-00C04F79EFBC}") = "Test", "Skunkworks\Test\Test\Test.csproj", "{D74864C2-1839-404C-A1DA-1B3EC198A4E0}"
EndProject
Global
	GlobalSection(SharedMSBuildProjectFiles) = preSolution
		DearVoid.Shared\DearVoid.Shared.projitems*{2c62c428-f997-4f3d-acce-8b4477aac300}*SharedItemsImports = 4
		DearVoid.Shared\DearVoid.Shared.projitems*{35fa0b6e-5047-4129-9f9a-e5902940a052}*SharedItemsImports = 5
		DearVoid.Shared\DearVoid.Shared.projitems*{5d9fd1b3-0ac7-410f-af13-7801a034a2f1}*SharedItemsImports = 4
		DearVoid.Shared\DearVoid.Shared.projitems*{610640ca-d253-4fb5-9a15-02ed59b69f58}*SharedItemsImports = 5
		DearVoid.Shared\DearVoid.Shared.projitems*{61476716-88c8-4ba8-8d3a-54dca9fe3069}*SharedItemsImports = 4
		DearVoid.Shared\DearVoid.Shared.projitems*{6279c845-92f8-4333-ab99-3d213163593c}*SharedItemsImports = 13
		DearVoid.Shared\DearVoid.Shared.projitems*{c73dd3d7-fdfa-4096-a5e0-66e8b2eec7c6}*SharedItemsImports = 4
		DearVoid.Shared\DearVoid.Shared.projitems*{cafccf7f-8342-473a-91fe-dc2217afdda4}*SharedItemsImports = 5
		DearVoid.Shared\DearVoid.Shared.projitems*{e01c4b30-0155-45f8-a06c-07d47daac488}*SharedItemsImports = 5
	EndGlobalSection
	GlobalSection(SolutionConfigurationPlatforms) = preSolution
		Ad-Hoc|Any CPU = Ad-Hoc|Any CPU
		Ad-Hoc|ARM = Ad-Hoc|ARM
		Ad-Hoc|ARM64 = Ad-Hoc|ARM64
		Ad-Hoc|iPhone = Ad-Hoc|iPhone
		Ad-Hoc|iPhoneSimulator = Ad-Hoc|iPhoneSimulator
		Ad-Hoc|x64 = Ad-Hoc|x64
		Ad-Hoc|x86 = Ad-Hoc|x86
		AppStore|Any CPU = AppStore|Any CPU
		AppStore|ARM = AppStore|ARM
		AppStore|ARM64 = AppStore|ARM64
		AppStore|iPhone = AppStore|iPhone
		AppStore|iPhoneSimulator = AppStore|iPhoneSimulator
		AppStore|x64 = AppStore|x64
		AppStore|x86 = AppStore|x86
		Debug|Any CPU = Debug|Any CPU
		Debug|ARM = Debug|ARM
		Debug|ARM64 = Debug|ARM64
		Debug|iPhone = Debug|iPhone
		Debug|iPhoneSimulator = Debug|iPhoneSimulator
		Debug|x64 = Debug|x64
		Debug|x86 = Debug|x86
		Release|Any CPU = Release|Any CPU
		Release|ARM = Release|ARM
		Release|ARM64 = Release|ARM64
		Release|iPhone = Release|iPhone
		Release|iPhoneSimulator = Release|iPhoneSimulator
		Release|x64 = Release|x64
		Release|x86 = Release|x86
	EndGlobalSection
	GlobalSection(ProjectConfigurationPlatforms) = postSolution
		{5D9FD1B3-0AC7-410F-AF13-7801A034A2F1}.Ad-Hoc|Any CPU.ActiveCfg = Debug|Any CPU
		{5D9FD1B3-0AC7-410F-AF13-7801A034A2F1}.Ad-Hoc|Any CPU.Build.0 = Debug|Any CPU
		{5D9FD1B3-0AC7-410F-AF13-7801A034A2F1}.Ad-Hoc|Any CPU.Deploy.0 = Debug|Any CPU
		{5D9FD1B3-0AC7-410F-AF13-7801A034A2F1}.Ad-Hoc|ARM.ActiveCfg = Debug|Any CPU
		{5D9FD1B3-0AC7-410F-AF13-7801A034A2F1}.Ad-Hoc|ARM.Build.0 = Debug|Any CPU
		{5D9FD1B3-0AC7-410F-AF13-7801A034A2F1}.Ad-Hoc|ARM.Deploy.0 = Debug|Any CPU
		{5D9FD1B3-0AC7-410F-AF13-7801A034A2F1}.Ad-Hoc|ARM64.ActiveCfg = Debug|Any CPU
		{5D9FD1B3-0AC7-410F-AF13-7801A034A2F1}.Ad-Hoc|ARM64.Build.0 = Debug|Any CPU
		{5D9FD1B3-0AC7-410F-AF13-7801A034A2F1}.Ad-Hoc|ARM64.Deploy.0 = Debug|Any CPU
		{5D9FD1B3-0AC7-410F-AF13-7801A034A2F1}.Ad-Hoc|iPhone.ActiveCfg = Debug|Any CPU
		{5D9FD1B3-0AC7-410F-AF13-7801A034A2F1}.Ad-Hoc|iPhone.Build.0 = Debug|Any CPU
		{5D9FD1B3-0AC7-410F-AF13-7801A034A2F1}.Ad-Hoc|iPhone.Deploy.0 = Debug|Any CPU
		{5D9FD1B3-0AC7-410F-AF13-7801A034A2F1}.Ad-Hoc|iPhoneSimulator.ActiveCfg = Debug|Any CPU
		{5D9FD1B3-0AC7-410F-AF13-7801A034A2F1}.Ad-Hoc|iPhoneSimulator.Build.0 = Debug|Any CPU
		{5D9FD1B3-0AC7-410F-AF13-7801A034A2F1}.Ad-Hoc|iPhoneSimulator.Deploy.0 = Debug|Any CPU
		{5D9FD1B3-0AC7-410F-AF13-7801A034A2F1}.Ad-Hoc|x64.ActiveCfg = Debug|Any CPU
		{5D9FD1B3-0AC7-410F-AF13-7801A034A2F1}.Ad-Hoc|x64.Build.0 = Debug|Any CPU
		{5D9FD1B3-0AC7-410F-AF13-7801A034A2F1}.Ad-Hoc|x64.Deploy.0 = Debug|Any CPU
		{5D9FD1B3-0AC7-410F-AF13-7801A034A2F1}.Ad-Hoc|x86.ActiveCfg = Debug|Any CPU
		{5D9FD1B3-0AC7-410F-AF13-7801A034A2F1}.Ad-Hoc|x86.Build.0 = Debug|Any CPU
		{5D9FD1B3-0AC7-410F-AF13-7801A034A2F1}.Ad-Hoc|x86.Deploy.0 = Debug|Any CPU
		{5D9FD1B3-0AC7-410F-AF13-7801A034A2F1}.AppStore|Any CPU.ActiveCfg = Debug|Any CPU
		{5D9FD1B3-0AC7-410F-AF13-7801A034A2F1}.AppStore|Any CPU.Build.0 = Debug|Any CPU
		{5D9FD1B3-0AC7-410F-AF13-7801A034A2F1}.AppStore|Any CPU.Deploy.0 = Debug|Any CPU
		{5D9FD1B3-0AC7-410F-AF13-7801A034A2F1}.AppStore|ARM.ActiveCfg = Debug|Any CPU
		{5D9FD1B3-0AC7-410F-AF13-7801A034A2F1}.AppStore|ARM.Build.0 = Debug|Any CPU
		{5D9FD1B3-0AC7-410F-AF13-7801A034A2F1}.AppStore|ARM.Deploy.0 = Debug|Any CPU
		{5D9FD1B3-0AC7-410F-AF13-7801A034A2F1}.AppStore|ARM64.ActiveCfg = Debug|Any CPU
		{5D9FD1B3-0AC7-410F-AF13-7801A034A2F1}.AppStore|ARM64.Build.0 = Debug|Any CPU
		{5D9FD1B3-0AC7-410F-AF13-7801A034A2F1}.AppStore|ARM64.Deploy.0 = Debug|Any CPU
		{5D9FD1B3-0AC7-410F-AF13-7801A034A2F1}.AppStore|iPhone.ActiveCfg = Debug|Any CPU
		{5D9FD1B3-0AC7-410F-AF13-7801A034A2F1}.AppStore|iPhone.Build.0 = Debug|Any CPU
		{5D9FD1B3-0AC7-410F-AF13-7801A034A2F1}.AppStore|iPhone.Deploy.0 = Debug|Any CPU
		{5D9FD1B3-0AC7-410F-AF13-7801A034A2F1}.AppStore|iPhoneSimulator.ActiveCfg = Debug|Any CPU
		{5D9FD1B3-0AC7-410F-AF13-7801A034A2F1}.AppStore|iPhoneSimulator.Build.0 = Debug|Any CPU
		{5D9FD1B3-0AC7-410F-AF13-7801A034A2F1}.AppStore|iPhoneSimulator.Deploy.0 = Debug|Any CPU
		{5D9FD1B3-0AC7-410F-AF13-7801A034A2F1}.AppStore|x64.ActiveCfg = Debug|Any CPU
		{5D9FD1B3-0AC7-410F-AF13-7801A034A2F1}.AppStore|x64.Build.0 = Debug|Any CPU
		{5D9FD1B3-0AC7-410F-AF13-7801A034A2F1}.AppStore|x64.Deploy.0 = Debug|Any CPU
		{5D9FD1B3-0AC7-410F-AF13-7801A034A2F1}.AppStore|x86.ActiveCfg = Debug|Any CPU
		{5D9FD1B3-0AC7-410F-AF13-7801A034A2F1}.AppStore|x86.Build.0 = Debug|Any CPU
		{5D9FD1B3-0AC7-410F-AF13-7801A034A2F1}.AppStore|x86.Deploy.0 = Debug|Any CPU
		{5D9FD1B3-0AC7-410F-AF13-7801A034A2F1}.Debug|Any CPU.ActiveCfg = Debug|Any CPU
		{5D9FD1B3-0AC7-410F-AF13-7801A034A2F1}.Debug|Any CPU.Build.0 = Debug|Any CPU
		{5D9FD1B3-0AC7-410F-AF13-7801A034A2F1}.Debug|Any CPU.Deploy.0 = Debug|Any CPU
		{5D9FD1B3-0AC7-410F-AF13-7801A034A2F1}.Debug|ARM.ActiveCfg = Debug|Any CPU
		{5D9FD1B3-0AC7-410F-AF13-7801A034A2F1}.Debug|ARM.Build.0 = Debug|Any CPU
		{5D9FD1B3-0AC7-410F-AF13-7801A034A2F1}.Debug|ARM.Deploy.0 = Debug|Any CPU
		{5D9FD1B3-0AC7-410F-AF13-7801A034A2F1}.Debug|ARM64.ActiveCfg = Debug|Any CPU
		{5D9FD1B3-0AC7-410F-AF13-7801A034A2F1}.Debug|ARM64.Build.0 = Debug|Any CPU
		{5D9FD1B3-0AC7-410F-AF13-7801A034A2F1}.Debug|ARM64.Deploy.0 = Debug|Any CPU
		{5D9FD1B3-0AC7-410F-AF13-7801A034A2F1}.Debug|iPhone.ActiveCfg = Debug|Any CPU
		{5D9FD1B3-0AC7-410F-AF13-7801A034A2F1}.Debug|iPhone.Build.0 = Debug|Any CPU
		{5D9FD1B3-0AC7-410F-AF13-7801A034A2F1}.Debug|iPhone.Deploy.0 = Debug|Any CPU
		{5D9FD1B3-0AC7-410F-AF13-7801A034A2F1}.Debug|iPhoneSimulator.ActiveCfg = Debug|Any CPU
		{5D9FD1B3-0AC7-410F-AF13-7801A034A2F1}.Debug|iPhoneSimulator.Build.0 = Debug|Any CPU
		{5D9FD1B3-0AC7-410F-AF13-7801A034A2F1}.Debug|iPhoneSimulator.Deploy.0 = Debug|Any CPU
		{5D9FD1B3-0AC7-410F-AF13-7801A034A2F1}.Debug|x64.ActiveCfg = Debug|Any CPU
		{5D9FD1B3-0AC7-410F-AF13-7801A034A2F1}.Debug|x64.Build.0 = Debug|Any CPU
		{5D9FD1B3-0AC7-410F-AF13-7801A034A2F1}.Debug|x64.Deploy.0 = Debug|Any CPU
		{5D9FD1B3-0AC7-410F-AF13-7801A034A2F1}.Debug|x86.ActiveCfg = Debug|Any CPU
		{5D9FD1B3-0AC7-410F-AF13-7801A034A2F1}.Debug|x86.Build.0 = Debug|Any CPU
		{5D9FD1B3-0AC7-410F-AF13-7801A034A2F1}.Debug|x86.Deploy.0 = Debug|Any CPU
		{5D9FD1B3-0AC7-410F-AF13-7801A034A2F1}.Release|Any CPU.ActiveCfg = Release|Any CPU
		{5D9FD1B3-0AC7-410F-AF13-7801A034A2F1}.Release|Any CPU.Build.0 = Release|Any CPU
		{5D9FD1B3-0AC7-410F-AF13-7801A034A2F1}.Release|Any CPU.Deploy.0 = Release|Any CPU
		{5D9FD1B3-0AC7-410F-AF13-7801A034A2F1}.Release|ARM.ActiveCfg = Release|Any CPU
		{5D9FD1B3-0AC7-410F-AF13-7801A034A2F1}.Release|ARM.Build.0 = Release|Any CPU
		{5D9FD1B3-0AC7-410F-AF13-7801A034A2F1}.Release|ARM.Deploy.0 = Release|Any CPU
		{5D9FD1B3-0AC7-410F-AF13-7801A034A2F1}.Release|ARM64.ActiveCfg = Release|Any CPU
		{5D9FD1B3-0AC7-410F-AF13-7801A034A2F1}.Release|ARM64.Build.0 = Release|Any CPU
		{5D9FD1B3-0AC7-410F-AF13-7801A034A2F1}.Release|ARM64.Deploy.0 = Release|Any CPU
		{5D9FD1B3-0AC7-410F-AF13-7801A034A2F1}.Release|iPhone.ActiveCfg = Release|Any CPU
		{5D9FD1B3-0AC7-410F-AF13-7801A034A2F1}.Release|iPhone.Build.0 = Release|Any CPU
		{5D9FD1B3-0AC7-410F-AF13-7801A034A2F1}.Release|iPhone.Deploy.0 = Release|Any CPU
		{5D9FD1B3-0AC7-410F-AF13-7801A034A2F1}.Release|iPhoneSimulator.ActiveCfg = Release|Any CPU
		{5D9FD1B3-0AC7-410F-AF13-7801A034A2F1}.Release|iPhoneSimulator.Build.0 = Release|Any CPU
		{5D9FD1B3-0AC7-410F-AF13-7801A034A2F1}.Release|iPhoneSimulator.Deploy.0 = Release|Any CPU
		{5D9FD1B3-0AC7-410F-AF13-7801A034A2F1}.Release|x64.ActiveCfg = Release|Any CPU
		{5D9FD1B3-0AC7-410F-AF13-7801A034A2F1}.Release|x64.Build.0 = Release|Any CPU
		{5D9FD1B3-0AC7-410F-AF13-7801A034A2F1}.Release|x64.Deploy.0 = Release|Any CPU
		{5D9FD1B3-0AC7-410F-AF13-7801A034A2F1}.Release|x86.ActiveCfg = Release|Any CPU
		{5D9FD1B3-0AC7-410F-AF13-7801A034A2F1}.Release|x86.Build.0 = Release|Any CPU
		{5D9FD1B3-0AC7-410F-AF13-7801A034A2F1}.Release|x86.Deploy.0 = Release|Any CPU
		{2C62C428-F997-4F3D-ACCE-8B4477AAC300}.Ad-Hoc|Any CPU.ActiveCfg = Ad-Hoc|iPhoneSimulator
		{2C62C428-F997-4F3D-ACCE-8B4477AAC300}.Ad-Hoc|Any CPU.Build.0 = Ad-Hoc|iPhoneSimulator
		{2C62C428-F997-4F3D-ACCE-8B4477AAC300}.Ad-Hoc|ARM.ActiveCfg = Ad-Hoc|iPhoneSimulator
		{2C62C428-F997-4F3D-ACCE-8B4477AAC300}.Ad-Hoc|ARM.Build.0 = Ad-Hoc|iPhoneSimulator
		{2C62C428-F997-4F3D-ACCE-8B4477AAC300}.Ad-Hoc|ARM64.ActiveCfg = Ad-Hoc|iPhoneSimulator
		{2C62C428-F997-4F3D-ACCE-8B4477AAC300}.Ad-Hoc|ARM64.Build.0 = Ad-Hoc|iPhoneSimulator
		{2C62C428-F997-4F3D-ACCE-8B4477AAC300}.Ad-Hoc|iPhone.ActiveCfg = Ad-Hoc|iPhone
		{2C62C428-F997-4F3D-ACCE-8B4477AAC300}.Ad-Hoc|iPhone.Build.0 = Ad-Hoc|iPhone
		{2C62C428-F997-4F3D-ACCE-8B4477AAC300}.Ad-Hoc|iPhoneSimulator.ActiveCfg = Ad-Hoc|iPhoneSimulator
		{2C62C428-F997-4F3D-ACCE-8B4477AAC300}.Ad-Hoc|iPhoneSimulator.Build.0 = Ad-Hoc|iPhoneSimulator
		{2C62C428-F997-4F3D-ACCE-8B4477AAC300}.Ad-Hoc|x64.ActiveCfg = Ad-Hoc|iPhoneSimulator
		{2C62C428-F997-4F3D-ACCE-8B4477AAC300}.Ad-Hoc|x64.Build.0 = Ad-Hoc|iPhoneSimulator
		{2C62C428-F997-4F3D-ACCE-8B4477AAC300}.Ad-Hoc|x86.ActiveCfg = Ad-Hoc|iPhoneSimulator
		{2C62C428-F997-4F3D-ACCE-8B4477AAC300}.Ad-Hoc|x86.Build.0 = Ad-Hoc|iPhoneSimulator
		{2C62C428-F997-4F3D-ACCE-8B4477AAC300}.AppStore|Any CPU.ActiveCfg = AppStore|iPhoneSimulator
		{2C62C428-F997-4F3D-ACCE-8B4477AAC300}.AppStore|Any CPU.Build.0 = AppStore|iPhoneSimulator
		{2C62C428-F997-4F3D-ACCE-8B4477AAC300}.AppStore|ARM.ActiveCfg = AppStore|iPhoneSimulator
		{2C62C428-F997-4F3D-ACCE-8B4477AAC300}.AppStore|ARM.Build.0 = AppStore|iPhoneSimulator
		{2C62C428-F997-4F3D-ACCE-8B4477AAC300}.AppStore|ARM64.ActiveCfg = AppStore|iPhoneSimulator
		{2C62C428-F997-4F3D-ACCE-8B4477AAC300}.AppStore|ARM64.Build.0 = AppStore|iPhoneSimulator
		{2C62C428-F997-4F3D-ACCE-8B4477AAC300}.AppStore|iPhone.ActiveCfg = AppStore|iPhone
		{2C62C428-F997-4F3D-ACCE-8B4477AAC300}.AppStore|iPhone.Build.0 = AppStore|iPhone
		{2C62C428-F997-4F3D-ACCE-8B4477AAC300}.AppStore|iPhoneSimulator.ActiveCfg = AppStore|iPhoneSimulator
		{2C62C428-F997-4F3D-ACCE-8B4477AAC300}.AppStore|iPhoneSimulator.Build.0 = AppStore|iPhoneSimulator
		{2C62C428-F997-4F3D-ACCE-8B4477AAC300}.AppStore|x64.ActiveCfg = AppStore|iPhoneSimulator
		{2C62C428-F997-4F3D-ACCE-8B4477AAC300}.AppStore|x64.Build.0 = AppStore|iPhoneSimulator
		{2C62C428-F997-4F3D-ACCE-8B4477AAC300}.AppStore|x86.ActiveCfg = AppStore|iPhoneSimulator
		{2C62C428-F997-4F3D-ACCE-8B4477AAC300}.AppStore|x86.Build.0 = AppStore|iPhoneSimulator
		{2C62C428-F997-4F3D-ACCE-8B4477AAC300}.Debug|Any CPU.ActiveCfg = Debug|iPhoneSimulator
		{2C62C428-F997-4F3D-ACCE-8B4477AAC300}.Debug|Any CPU.Build.0 = Debug|iPhoneSimulator
		{2C62C428-F997-4F3D-ACCE-8B4477AAC300}.Debug|ARM.ActiveCfg = Debug|iPhoneSimulator
		{2C62C428-F997-4F3D-ACCE-8B4477AAC300}.Debug|ARM.Build.0 = Debug|iPhoneSimulator
		{2C62C428-F997-4F3D-ACCE-8B4477AAC300}.Debug|ARM64.ActiveCfg = Debug|iPhoneSimulator
		{2C62C428-F997-4F3D-ACCE-8B4477AAC300}.Debug|ARM64.Build.0 = Debug|iPhoneSimulator
		{2C62C428-F997-4F3D-ACCE-8B4477AAC300}.Debug|iPhone.ActiveCfg = Debug|iPhone
		{2C62C428-F997-4F3D-ACCE-8B4477AAC300}.Debug|iPhone.Build.0 = Debug|iPhone
		{2C62C428-F997-4F3D-ACCE-8B4477AAC300}.Debug|iPhoneSimulator.ActiveCfg = Debug|iPhoneSimulator
		{2C62C428-F997-4F3D-ACCE-8B4477AAC300}.Debug|iPhoneSimulator.Build.0 = Debug|iPhoneSimulator
		{2C62C428-F997-4F3D-ACCE-8B4477AAC300}.Debug|x64.ActiveCfg = Debug|iPhoneSimulator
		{2C62C428-F997-4F3D-ACCE-8B4477AAC300}.Debug|x64.Build.0 = Debug|iPhoneSimulator
		{2C62C428-F997-4F3D-ACCE-8B4477AAC300}.Debug|x86.ActiveCfg = Debug|iPhoneSimulator
		{2C62C428-F997-4F3D-ACCE-8B4477AAC300}.Debug|x86.Build.0 = Debug|iPhoneSimulator
		{2C62C428-F997-4F3D-ACCE-8B4477AAC300}.Release|Any CPU.ActiveCfg = Release|iPhoneSimulator
		{2C62C428-F997-4F3D-ACCE-8B4477AAC300}.Release|Any CPU.Build.0 = Release|iPhoneSimulator
		{2C62C428-F997-4F3D-ACCE-8B4477AAC300}.Release|ARM.ActiveCfg = Release|iPhoneSimulator
		{2C62C428-F997-4F3D-ACCE-8B4477AAC300}.Release|ARM.Build.0 = Release|iPhoneSimulator
		{2C62C428-F997-4F3D-ACCE-8B4477AAC300}.Release|ARM64.ActiveCfg = Release|iPhoneSimulator
		{2C62C428-F997-4F3D-ACCE-8B4477AAC300}.Release|ARM64.Build.0 = Release|iPhoneSimulator
		{2C62C428-F997-4F3D-ACCE-8B4477AAC300}.Release|iPhone.ActiveCfg = Release|iPhone
		{2C62C428-F997-4F3D-ACCE-8B4477AAC300}.Release|iPhone.Build.0 = Release|iPhone
		{2C62C428-F997-4F3D-ACCE-8B4477AAC300}.Release|iPhoneSimulator.ActiveCfg = Release|iPhoneSimulator
		{2C62C428-F997-4F3D-ACCE-8B4477AAC300}.Release|iPhoneSimulator.Build.0 = Release|iPhoneSimulator
		{2C62C428-F997-4F3D-ACCE-8B4477AAC300}.Release|x64.ActiveCfg = Release|iPhoneSimulator
		{2C62C428-F997-4F3D-ACCE-8B4477AAC300}.Release|x64.Build.0 = Release|iPhoneSimulator
		{2C62C428-F997-4F3D-ACCE-8B4477AAC300}.Release|x86.ActiveCfg = Release|iPhoneSimulator
		{2C62C428-F997-4F3D-ACCE-8B4477AAC300}.Release|x86.Build.0 = Release|iPhoneSimulator
		{610640CA-D253-4FB5-9A15-02ED59B69F58}.Ad-Hoc|Any CPU.ActiveCfg = Debug|Any CPU
		{610640CA-D253-4FB5-9A15-02ED59B69F58}.Ad-Hoc|Any CPU.Build.0 = Debug|Any CPU
		{610640CA-D253-4FB5-9A15-02ED59B69F58}.Ad-Hoc|ARM.ActiveCfg = Debug|Any CPU
		{610640CA-D253-4FB5-9A15-02ED59B69F58}.Ad-Hoc|ARM.Build.0 = Debug|Any CPU
		{610640CA-D253-4FB5-9A15-02ED59B69F58}.Ad-Hoc|ARM64.ActiveCfg = Debug|Any CPU
		{610640CA-D253-4FB5-9A15-02ED59B69F58}.Ad-Hoc|ARM64.Build.0 = Debug|Any CPU
		{610640CA-D253-4FB5-9A15-02ED59B69F58}.Ad-Hoc|iPhone.ActiveCfg = Debug|Any CPU
		{610640CA-D253-4FB5-9A15-02ED59B69F58}.Ad-Hoc|iPhone.Build.0 = Debug|Any CPU
		{610640CA-D253-4FB5-9A15-02ED59B69F58}.Ad-Hoc|iPhoneSimulator.ActiveCfg = Debug|Any CPU
		{610640CA-D253-4FB5-9A15-02ED59B69F58}.Ad-Hoc|iPhoneSimulator.Build.0 = Debug|Any CPU
		{610640CA-D253-4FB5-9A15-02ED59B69F58}.Ad-Hoc|x64.ActiveCfg = Debug|Any CPU
		{610640CA-D253-4FB5-9A15-02ED59B69F58}.Ad-Hoc|x64.Build.0 = Debug|Any CPU
		{610640CA-D253-4FB5-9A15-02ED59B69F58}.Ad-Hoc|x86.ActiveCfg = Debug|Any CPU
		{610640CA-D253-4FB5-9A15-02ED59B69F58}.Ad-Hoc|x86.Build.0 = Debug|Any CPU
		{610640CA-D253-4FB5-9A15-02ED59B69F58}.AppStore|Any CPU.ActiveCfg = Debug|Any CPU
		{610640CA-D253-4FB5-9A15-02ED59B69F58}.AppStore|Any CPU.Build.0 = Debug|Any CPU
		{610640CA-D253-4FB5-9A15-02ED59B69F58}.AppStore|ARM.ActiveCfg = Debug|Any CPU
		{610640CA-D253-4FB5-9A15-02ED59B69F58}.AppStore|ARM.Build.0 = Debug|Any CPU
		{610640CA-D253-4FB5-9A15-02ED59B69F58}.AppStore|ARM64.ActiveCfg = Debug|Any CPU
		{610640CA-D253-4FB5-9A15-02ED59B69F58}.AppStore|ARM64.Build.0 = Debug|Any CPU
		{610640CA-D253-4FB5-9A15-02ED59B69F58}.AppStore|iPhone.ActiveCfg = Debug|Any CPU
		{610640CA-D253-4FB5-9A15-02ED59B69F58}.AppStore|iPhone.Build.0 = Debug|Any CPU
		{610640CA-D253-4FB5-9A15-02ED59B69F58}.AppStore|iPhoneSimulator.ActiveCfg = Debug|Any CPU
		{610640CA-D253-4FB5-9A15-02ED59B69F58}.AppStore|iPhoneSimulator.Build.0 = Debug|Any CPU
		{610640CA-D253-4FB5-9A15-02ED59B69F58}.AppStore|x64.ActiveCfg = Debug|Any CPU
		{610640CA-D253-4FB5-9A15-02ED59B69F58}.AppStore|x64.Build.0 = Debug|Any CPU
		{610640CA-D253-4FB5-9A15-02ED59B69F58}.AppStore|x86.ActiveCfg = Debug|Any CPU
		{610640CA-D253-4FB5-9A15-02ED59B69F58}.AppStore|x86.Build.0 = Debug|Any CPU
		{610640CA-D253-4FB5-9A15-02ED59B69F58}.Debug|Any CPU.ActiveCfg = Debug|Any CPU
		{610640CA-D253-4FB5-9A15-02ED59B69F58}.Debug|Any CPU.Build.0 = Debug|Any CPU
		{610640CA-D253-4FB5-9A15-02ED59B69F58}.Debug|ARM.ActiveCfg = Debug|Any CPU
		{610640CA-D253-4FB5-9A15-02ED59B69F58}.Debug|ARM.Build.0 = Debug|Any CPU
		{610640CA-D253-4FB5-9A15-02ED59B69F58}.Debug|ARM64.ActiveCfg = Debug|Any CPU
		{610640CA-D253-4FB5-9A15-02ED59B69F58}.Debug|ARM64.Build.0 = Debug|Any CPU
		{610640CA-D253-4FB5-9A15-02ED59B69F58}.Debug|iPhone.ActiveCfg = Debug|Any CPU
		{610640CA-D253-4FB5-9A15-02ED59B69F58}.Debug|iPhone.Build.0 = Debug|Any CPU
		{610640CA-D253-4FB5-9A15-02ED59B69F58}.Debug|iPhoneSimulator.ActiveCfg = Debug|Any CPU
		{610640CA-D253-4FB5-9A15-02ED59B69F58}.Debug|iPhoneSimulator.Build.0 = Debug|Any CPU
		{610640CA-D253-4FB5-9A15-02ED59B69F58}.Debug|x64.ActiveCfg = Debug|Any CPU
		{610640CA-D253-4FB5-9A15-02ED59B69F58}.Debug|x64.Build.0 = Debug|Any CPU
		{610640CA-D253-4FB5-9A15-02ED59B69F58}.Debug|x86.ActiveCfg = Debug|Any CPU
		{610640CA-D253-4FB5-9A15-02ED59B69F58}.Debug|x86.Build.0 = Debug|Any CPU
		{610640CA-D253-4FB5-9A15-02ED59B69F58}.Release|Any CPU.ActiveCfg = Release|Any CPU
		{610640CA-D253-4FB5-9A15-02ED59B69F58}.Release|Any CPU.Build.0 = Release|Any CPU
		{610640CA-D253-4FB5-9A15-02ED59B69F58}.Release|ARM.ActiveCfg = Release|Any CPU
		{610640CA-D253-4FB5-9A15-02ED59B69F58}.Release|ARM.Build.0 = Release|Any CPU
		{610640CA-D253-4FB5-9A15-02ED59B69F58}.Release|ARM64.ActiveCfg = Release|Any CPU
		{610640CA-D253-4FB5-9A15-02ED59B69F58}.Release|ARM64.Build.0 = Release|Any CPU
		{610640CA-D253-4FB5-9A15-02ED59B69F58}.Release|iPhone.ActiveCfg = Release|Any CPU
		{610640CA-D253-4FB5-9A15-02ED59B69F58}.Release|iPhone.Build.0 = Release|Any CPU
		{610640CA-D253-4FB5-9A15-02ED59B69F58}.Release|iPhoneSimulator.ActiveCfg = Release|Any CPU
		{610640CA-D253-4FB5-9A15-02ED59B69F58}.Release|iPhoneSimulator.Build.0 = Release|Any CPU
		{610640CA-D253-4FB5-9A15-02ED59B69F58}.Release|x64.ActiveCfg = Release|Any CPU
		{610640CA-D253-4FB5-9A15-02ED59B69F58}.Release|x64.Build.0 = Release|Any CPU
		{610640CA-D253-4FB5-9A15-02ED59B69F58}.Release|x86.ActiveCfg = Release|Any CPU
		{610640CA-D253-4FB5-9A15-02ED59B69F58}.Release|x86.Build.0 = Release|Any CPU
		{35FA0B6E-5047-4129-9F9A-E5902940A052}.Ad-Hoc|Any CPU.ActiveCfg = Debug|Any CPU
		{35FA0B6E-5047-4129-9F9A-E5902940A052}.Ad-Hoc|Any CPU.Build.0 = Debug|Any CPU
		{35FA0B6E-5047-4129-9F9A-E5902940A052}.Ad-Hoc|ARM.ActiveCfg = Debug|Any CPU
		{35FA0B6E-5047-4129-9F9A-E5902940A052}.Ad-Hoc|ARM.Build.0 = Debug|Any CPU
		{35FA0B6E-5047-4129-9F9A-E5902940A052}.Ad-Hoc|ARM64.ActiveCfg = Debug|Any CPU
		{35FA0B6E-5047-4129-9F9A-E5902940A052}.Ad-Hoc|ARM64.Build.0 = Debug|Any CPU
		{35FA0B6E-5047-4129-9F9A-E5902940A052}.Ad-Hoc|iPhone.ActiveCfg = Debug|Any CPU
		{35FA0B6E-5047-4129-9F9A-E5902940A052}.Ad-Hoc|iPhone.Build.0 = Debug|Any CPU
		{35FA0B6E-5047-4129-9F9A-E5902940A052}.Ad-Hoc|iPhoneSimulator.ActiveCfg = Debug|Any CPU
		{35FA0B6E-5047-4129-9F9A-E5902940A052}.Ad-Hoc|iPhoneSimulator.Build.0 = Debug|Any CPU
		{35FA0B6E-5047-4129-9F9A-E5902940A052}.Ad-Hoc|x64.ActiveCfg = Debug|Any CPU
		{35FA0B6E-5047-4129-9F9A-E5902940A052}.Ad-Hoc|x64.Build.0 = Debug|Any CPU
		{35FA0B6E-5047-4129-9F9A-E5902940A052}.Ad-Hoc|x86.ActiveCfg = Debug|Any CPU
		{35FA0B6E-5047-4129-9F9A-E5902940A052}.Ad-Hoc|x86.Build.0 = Debug|Any CPU
		{35FA0B6E-5047-4129-9F9A-E5902940A052}.AppStore|Any CPU.ActiveCfg = Debug|Any CPU
		{35FA0B6E-5047-4129-9F9A-E5902940A052}.AppStore|Any CPU.Build.0 = Debug|Any CPU
		{35FA0B6E-5047-4129-9F9A-E5902940A052}.AppStore|ARM.ActiveCfg = Debug|Any CPU
		{35FA0B6E-5047-4129-9F9A-E5902940A052}.AppStore|ARM.Build.0 = Debug|Any CPU
		{35FA0B6E-5047-4129-9F9A-E5902940A052}.AppStore|ARM64.ActiveCfg = Debug|Any CPU
		{35FA0B6E-5047-4129-9F9A-E5902940A052}.AppStore|ARM64.Build.0 = Debug|Any CPU
		{35FA0B6E-5047-4129-9F9A-E5902940A052}.AppStore|iPhone.ActiveCfg = Debug|Any CPU
		{35FA0B6E-5047-4129-9F9A-E5902940A052}.AppStore|iPhone.Build.0 = Debug|Any CPU
		{35FA0B6E-5047-4129-9F9A-E5902940A052}.AppStore|iPhoneSimulator.ActiveCfg = Debug|Any CPU
		{35FA0B6E-5047-4129-9F9A-E5902940A052}.AppStore|iPhoneSimulator.Build.0 = Debug|Any CPU
		{35FA0B6E-5047-4129-9F9A-E5902940A052}.AppStore|x64.ActiveCfg = Debug|Any CPU
		{35FA0B6E-5047-4129-9F9A-E5902940A052}.AppStore|x64.Build.0 = Debug|Any CPU
		{35FA0B6E-5047-4129-9F9A-E5902940A052}.AppStore|x86.ActiveCfg = Debug|Any CPU
		{35FA0B6E-5047-4129-9F9A-E5902940A052}.AppStore|x86.Build.0 = Debug|Any CPU
		{35FA0B6E-5047-4129-9F9A-E5902940A052}.Debug|Any CPU.ActiveCfg = Debug|Any CPU
		{35FA0B6E-5047-4129-9F9A-E5902940A052}.Debug|Any CPU.Build.0 = Debug|Any CPU
		{35FA0B6E-5047-4129-9F9A-E5902940A052}.Debug|ARM.ActiveCfg = Debug|Any CPU
		{35FA0B6E-5047-4129-9F9A-E5902940A052}.Debug|ARM.Build.0 = Debug|Any CPU
		{35FA0B6E-5047-4129-9F9A-E5902940A052}.Debug|ARM64.ActiveCfg = Debug|Any CPU
		{35FA0B6E-5047-4129-9F9A-E5902940A052}.Debug|ARM64.Build.0 = Debug|Any CPU
		{35FA0B6E-5047-4129-9F9A-E5902940A052}.Debug|iPhone.ActiveCfg = Debug|Any CPU
		{35FA0B6E-5047-4129-9F9A-E5902940A052}.Debug|iPhone.Build.0 = Debug|Any CPU
		{35FA0B6E-5047-4129-9F9A-E5902940A052}.Debug|iPhoneSimulator.ActiveCfg = Debug|Any CPU
		{35FA0B6E-5047-4129-9F9A-E5902940A052}.Debug|iPhoneSimulator.Build.0 = Debug|Any CPU
		{35FA0B6E-5047-4129-9F9A-E5902940A052}.Debug|x64.ActiveCfg = Debug|Any CPU
		{35FA0B6E-5047-4129-9F9A-E5902940A052}.Debug|x64.Build.0 = Debug|Any CPU
		{35FA0B6E-5047-4129-9F9A-E5902940A052}.Debug|x86.ActiveCfg = Debug|Any CPU
		{35FA0B6E-5047-4129-9F9A-E5902940A052}.Debug|x86.Build.0 = Debug|Any CPU
		{35FA0B6E-5047-4129-9F9A-E5902940A052}.Release|Any CPU.ActiveCfg = Release|Any CPU
		{35FA0B6E-5047-4129-9F9A-E5902940A052}.Release|Any CPU.Build.0 = Release|Any CPU
		{35FA0B6E-5047-4129-9F9A-E5902940A052}.Release|ARM.ActiveCfg = Release|Any CPU
		{35FA0B6E-5047-4129-9F9A-E5902940A052}.Release|ARM.Build.0 = Release|Any CPU
		{35FA0B6E-5047-4129-9F9A-E5902940A052}.Release|ARM64.ActiveCfg = Release|Any CPU
		{35FA0B6E-5047-4129-9F9A-E5902940A052}.Release|ARM64.Build.0 = Release|Any CPU
		{35FA0B6E-5047-4129-9F9A-E5902940A052}.Release|iPhone.ActiveCfg = Release|Any CPU
		{35FA0B6E-5047-4129-9F9A-E5902940A052}.Release|iPhone.Build.0 = Release|Any CPU
		{35FA0B6E-5047-4129-9F9A-E5902940A052}.Release|iPhoneSimulator.ActiveCfg = Release|Any CPU
		{35FA0B6E-5047-4129-9F9A-E5902940A052}.Release|iPhoneSimulator.Build.0 = Release|Any CPU
		{35FA0B6E-5047-4129-9F9A-E5902940A052}.Release|x64.ActiveCfg = Release|Any CPU
		{35FA0B6E-5047-4129-9F9A-E5902940A052}.Release|x64.Build.0 = Release|Any CPU
		{35FA0B6E-5047-4129-9F9A-E5902940A052}.Release|x86.ActiveCfg = Release|Any CPU
		{35FA0B6E-5047-4129-9F9A-E5902940A052}.Release|x86.Build.0 = Release|Any CPU
		{CAFCCF7F-8342-473A-91FE-DC2217AFDDA4}.Ad-Hoc|Any CPU.ActiveCfg = Debug|Any CPU
		{CAFCCF7F-8342-473A-91FE-DC2217AFDDA4}.Ad-Hoc|Any CPU.Build.0 = Debug|Any CPU
		{CAFCCF7F-8342-473A-91FE-DC2217AFDDA4}.Ad-Hoc|ARM.ActiveCfg = Debug|Any CPU
		{CAFCCF7F-8342-473A-91FE-DC2217AFDDA4}.Ad-Hoc|ARM.Build.0 = Debug|Any CPU
		{CAFCCF7F-8342-473A-91FE-DC2217AFDDA4}.Ad-Hoc|ARM64.ActiveCfg = Debug|Any CPU
		{CAFCCF7F-8342-473A-91FE-DC2217AFDDA4}.Ad-Hoc|ARM64.Build.0 = Debug|Any CPU
		{CAFCCF7F-8342-473A-91FE-DC2217AFDDA4}.Ad-Hoc|iPhone.ActiveCfg = Debug|Any CPU
		{CAFCCF7F-8342-473A-91FE-DC2217AFDDA4}.Ad-Hoc|iPhone.Build.0 = Debug|Any CPU
		{CAFCCF7F-8342-473A-91FE-DC2217AFDDA4}.Ad-Hoc|iPhoneSimulator.ActiveCfg = Debug|Any CPU
		{CAFCCF7F-8342-473A-91FE-DC2217AFDDA4}.Ad-Hoc|iPhoneSimulator.Build.0 = Debug|Any CPU
		{CAFCCF7F-8342-473A-91FE-DC2217AFDDA4}.Ad-Hoc|x64.ActiveCfg = Debug|Any CPU
		{CAFCCF7F-8342-473A-91FE-DC2217AFDDA4}.Ad-Hoc|x64.Build.0 = Debug|Any CPU
		{CAFCCF7F-8342-473A-91FE-DC2217AFDDA4}.Ad-Hoc|x86.ActiveCfg = Debug|Any CPU
		{CAFCCF7F-8342-473A-91FE-DC2217AFDDA4}.Ad-Hoc|x86.Build.0 = Debug|Any CPU
		{CAFCCF7F-8342-473A-91FE-DC2217AFDDA4}.AppStore|Any CPU.ActiveCfg = Debug|Any CPU
		{CAFCCF7F-8342-473A-91FE-DC2217AFDDA4}.AppStore|Any CPU.Build.0 = Debug|Any CPU
		{CAFCCF7F-8342-473A-91FE-DC2217AFDDA4}.AppStore|ARM.ActiveCfg = Debug|Any CPU
		{CAFCCF7F-8342-473A-91FE-DC2217AFDDA4}.AppStore|ARM.Build.0 = Debug|Any CPU
		{CAFCCF7F-8342-473A-91FE-DC2217AFDDA4}.AppStore|ARM64.ActiveCfg = Debug|Any CPU
		{CAFCCF7F-8342-473A-91FE-DC2217AFDDA4}.AppStore|ARM64.Build.0 = Debug|Any CPU
		{CAFCCF7F-8342-473A-91FE-DC2217AFDDA4}.AppStore|iPhone.ActiveCfg = Debug|Any CPU
		{CAFCCF7F-8342-473A-91FE-DC2217AFDDA4}.AppStore|iPhone.Build.0 = Debug|Any CPU
		{CAFCCF7F-8342-473A-91FE-DC2217AFDDA4}.AppStore|iPhoneSimulator.ActiveCfg = Debug|Any CPU
		{CAFCCF7F-8342-473A-91FE-DC2217AFDDA4}.AppStore|iPhoneSimulator.Build.0 = Debug|Any CPU
		{CAFCCF7F-8342-473A-91FE-DC2217AFDDA4}.AppStore|x64.ActiveCfg = Debug|Any CPU
		{CAFCCF7F-8342-473A-91FE-DC2217AFDDA4}.AppStore|x64.Build.0 = Debug|Any CPU
		{CAFCCF7F-8342-473A-91FE-DC2217AFDDA4}.AppStore|x86.ActiveCfg = Debug|Any CPU
		{CAFCCF7F-8342-473A-91FE-DC2217AFDDA4}.AppStore|x86.Build.0 = Debug|Any CPU
		{CAFCCF7F-8342-473A-91FE-DC2217AFDDA4}.Debug|Any CPU.ActiveCfg = Debug|Any CPU
		{CAFCCF7F-8342-473A-91FE-DC2217AFDDA4}.Debug|Any CPU.Build.0 = Debug|Any CPU
		{CAFCCF7F-8342-473A-91FE-DC2217AFDDA4}.Debug|ARM.ActiveCfg = Debug|Any CPU
		{CAFCCF7F-8342-473A-91FE-DC2217AFDDA4}.Debug|ARM.Build.0 = Debug|Any CPU
		{CAFCCF7F-8342-473A-91FE-DC2217AFDDA4}.Debug|ARM64.ActiveCfg = Debug|Any CPU
		{CAFCCF7F-8342-473A-91FE-DC2217AFDDA4}.Debug|ARM64.Build.0 = Debug|Any CPU
		{CAFCCF7F-8342-473A-91FE-DC2217AFDDA4}.Debug|iPhone.ActiveCfg = Debug|Any CPU
		{CAFCCF7F-8342-473A-91FE-DC2217AFDDA4}.Debug|iPhone.Build.0 = Debug|Any CPU
		{CAFCCF7F-8342-473A-91FE-DC2217AFDDA4}.Debug|iPhoneSimulator.ActiveCfg = Debug|Any CPU
		{CAFCCF7F-8342-473A-91FE-DC2217AFDDA4}.Debug|iPhoneSimulator.Build.0 = Debug|Any CPU
		{CAFCCF7F-8342-473A-91FE-DC2217AFDDA4}.Debug|x64.ActiveCfg = Debug|Any CPU
		{CAFCCF7F-8342-473A-91FE-DC2217AFDDA4}.Debug|x64.Build.0 = Debug|Any CPU
		{CAFCCF7F-8342-473A-91FE-DC2217AFDDA4}.Debug|x86.ActiveCfg = Debug|Any CPU
		{CAFCCF7F-8342-473A-91FE-DC2217AFDDA4}.Debug|x86.Build.0 = Debug|Any CPU
		{CAFCCF7F-8342-473A-91FE-DC2217AFDDA4}.Release|Any CPU.ActiveCfg = Release|Any CPU
		{CAFCCF7F-8342-473A-91FE-DC2217AFDDA4}.Release|Any CPU.Build.0 = Release|Any CPU
		{CAFCCF7F-8342-473A-91FE-DC2217AFDDA4}.Release|ARM.ActiveCfg = Release|Any CPU
		{CAFCCF7F-8342-473A-91FE-DC2217AFDDA4}.Release|ARM.Build.0 = Release|Any CPU
		{CAFCCF7F-8342-473A-91FE-DC2217AFDDA4}.Release|ARM64.ActiveCfg = Release|Any CPU
		{CAFCCF7F-8342-473A-91FE-DC2217AFDDA4}.Release|ARM64.Build.0 = Release|Any CPU
		{CAFCCF7F-8342-473A-91FE-DC2217AFDDA4}.Release|iPhone.ActiveCfg = Release|Any CPU
		{CAFCCF7F-8342-473A-91FE-DC2217AFDDA4}.Release|iPhone.Build.0 = Release|Any CPU
		{CAFCCF7F-8342-473A-91FE-DC2217AFDDA4}.Release|iPhoneSimulator.ActiveCfg = Release|Any CPU
		{CAFCCF7F-8342-473A-91FE-DC2217AFDDA4}.Release|iPhoneSimulator.Build.0 = Release|Any CPU
		{CAFCCF7F-8342-473A-91FE-DC2217AFDDA4}.Release|x64.ActiveCfg = Release|Any CPU
		{CAFCCF7F-8342-473A-91FE-DC2217AFDDA4}.Release|x64.Build.0 = Release|Any CPU
		{CAFCCF7F-8342-473A-91FE-DC2217AFDDA4}.Release|x86.ActiveCfg = Release|Any CPU
		{CAFCCF7F-8342-473A-91FE-DC2217AFDDA4}.Release|x86.Build.0 = Release|Any CPU
		{7E987B5A-EA5D-4F40-9F80-360BCE120834}.Ad-Hoc|Any CPU.ActiveCfg = Debug|Any CPU
		{7E987B5A-EA5D-4F40-9F80-360BCE120834}.Ad-Hoc|Any CPU.Build.0 = Debug|Any CPU
		{7E987B5A-EA5D-4F40-9F80-360BCE120834}.Ad-Hoc|ARM.ActiveCfg = Debug|Any CPU
		{7E987B5A-EA5D-4F40-9F80-360BCE120834}.Ad-Hoc|ARM.Build.0 = Debug|Any CPU
		{7E987B5A-EA5D-4F40-9F80-360BCE120834}.Ad-Hoc|ARM64.ActiveCfg = Debug|Any CPU
		{7E987B5A-EA5D-4F40-9F80-360BCE120834}.Ad-Hoc|ARM64.Build.0 = Debug|Any CPU
		{7E987B5A-EA5D-4F40-9F80-360BCE120834}.Ad-Hoc|iPhone.ActiveCfg = Debug|Any CPU
		{7E987B5A-EA5D-4F40-9F80-360BCE120834}.Ad-Hoc|iPhone.Build.0 = Debug|Any CPU
		{7E987B5A-EA5D-4F40-9F80-360BCE120834}.Ad-Hoc|iPhoneSimulator.ActiveCfg = Debug|Any CPU
		{7E987B5A-EA5D-4F40-9F80-360BCE120834}.Ad-Hoc|iPhoneSimulator.Build.0 = Debug|Any CPU
		{7E987B5A-EA5D-4F40-9F80-360BCE120834}.Ad-Hoc|x64.ActiveCfg = Debug|Any CPU
		{7E987B5A-EA5D-4F40-9F80-360BCE120834}.Ad-Hoc|x64.Build.0 = Debug|Any CPU
		{7E987B5A-EA5D-4F40-9F80-360BCE120834}.Ad-Hoc|x86.ActiveCfg = Debug|Any CPU
		{7E987B5A-EA5D-4F40-9F80-360BCE120834}.Ad-Hoc|x86.Build.0 = Debug|Any CPU
		{7E987B5A-EA5D-4F40-9F80-360BCE120834}.AppStore|Any CPU.ActiveCfg = Debug|Any CPU
		{7E987B5A-EA5D-4F40-9F80-360BCE120834}.AppStore|Any CPU.Build.0 = Debug|Any CPU
		{7E987B5A-EA5D-4F40-9F80-360BCE120834}.AppStore|ARM.ActiveCfg = Debug|Any CPU
		{7E987B5A-EA5D-4F40-9F80-360BCE120834}.AppStore|ARM.Build.0 = Debug|Any CPU
		{7E987B5A-EA5D-4F40-9F80-360BCE120834}.AppStore|ARM64.ActiveCfg = Debug|Any CPU
		{7E987B5A-EA5D-4F40-9F80-360BCE120834}.AppStore|ARM64.Build.0 = Debug|Any CPU
		{7E987B5A-EA5D-4F40-9F80-360BCE120834}.AppStore|iPhone.ActiveCfg = Debug|Any CPU
		{7E987B5A-EA5D-4F40-9F80-360BCE120834}.AppStore|iPhone.Build.0 = Debug|Any CPU
		{7E987B5A-EA5D-4F40-9F80-360BCE120834}.AppStore|iPhoneSimulator.ActiveCfg = Debug|Any CPU
		{7E987B5A-EA5D-4F40-9F80-360BCE120834}.AppStore|iPhoneSimulator.Build.0 = Debug|Any CPU
		{7E987B5A-EA5D-4F40-9F80-360BCE120834}.AppStore|x64.ActiveCfg = Debug|Any CPU
		{7E987B5A-EA5D-4F40-9F80-360BCE120834}.AppStore|x64.Build.0 = Debug|Any CPU
		{7E987B5A-EA5D-4F40-9F80-360BCE120834}.AppStore|x86.ActiveCfg = Debug|Any CPU
		{7E987B5A-EA5D-4F40-9F80-360BCE120834}.AppStore|x86.Build.0 = Debug|Any CPU
		{7E987B5A-EA5D-4F40-9F80-360BCE120834}.Debug|Any CPU.ActiveCfg = Debug|Any CPU
		{7E987B5A-EA5D-4F40-9F80-360BCE120834}.Debug|Any CPU.Build.0 = Debug|Any CPU
		{7E987B5A-EA5D-4F40-9F80-360BCE120834}.Debug|ARM.ActiveCfg = Debug|Any CPU
		{7E987B5A-EA5D-4F40-9F80-360BCE120834}.Debug|ARM.Build.0 = Debug|Any CPU
		{7E987B5A-EA5D-4F40-9F80-360BCE120834}.Debug|ARM64.ActiveCfg = Debug|Any CPU
		{7E987B5A-EA5D-4F40-9F80-360BCE120834}.Debug|ARM64.Build.0 = Debug|Any CPU
		{7E987B5A-EA5D-4F40-9F80-360BCE120834}.Debug|iPhone.ActiveCfg = Debug|Any CPU
		{7E987B5A-EA5D-4F40-9F80-360BCE120834}.Debug|iPhone.Build.0 = Debug|Any CPU
		{7E987B5A-EA5D-4F40-9F80-360BCE120834}.Debug|iPhoneSimulator.ActiveCfg = Debug|Any CPU
		{7E987B5A-EA5D-4F40-9F80-360BCE120834}.Debug|iPhoneSimulator.Build.0 = Debug|Any CPU
		{7E987B5A-EA5D-4F40-9F80-360BCE120834}.Debug|x64.ActiveCfg = Debug|Any CPU
		{7E987B5A-EA5D-4F40-9F80-360BCE120834}.Debug|x64.Build.0 = Debug|Any CPU
		{7E987B5A-EA5D-4F40-9F80-360BCE120834}.Debug|x86.ActiveCfg = Debug|Any CPU
		{7E987B5A-EA5D-4F40-9F80-360BCE120834}.Debug|x86.Build.0 = Debug|Any CPU
		{7E987B5A-EA5D-4F40-9F80-360BCE120834}.Release|Any CPU.ActiveCfg = Release|Any CPU
		{7E987B5A-EA5D-4F40-9F80-360BCE120834}.Release|Any CPU.Build.0 = Release|Any CPU
		{7E987B5A-EA5D-4F40-9F80-360BCE120834}.Release|ARM.ActiveCfg = Release|Any CPU
		{7E987B5A-EA5D-4F40-9F80-360BCE120834}.Release|ARM.Build.0 = Release|Any CPU
		{7E987B5A-EA5D-4F40-9F80-360BCE120834}.Release|ARM64.ActiveCfg = Release|Any CPU
		{7E987B5A-EA5D-4F40-9F80-360BCE120834}.Release|ARM64.Build.0 = Release|Any CPU
		{7E987B5A-EA5D-4F40-9F80-360BCE120834}.Release|iPhone.ActiveCfg = Release|Any CPU
		{7E987B5A-EA5D-4F40-9F80-360BCE120834}.Release|iPhone.Build.0 = Release|Any CPU
		{7E987B5A-EA5D-4F40-9F80-360BCE120834}.Release|iPhoneSimulator.ActiveCfg = Release|Any CPU
		{7E987B5A-EA5D-4F40-9F80-360BCE120834}.Release|iPhoneSimulator.Build.0 = Release|Any CPU
		{7E987B5A-EA5D-4F40-9F80-360BCE120834}.Release|x64.ActiveCfg = Release|Any CPU
		{7E987B5A-EA5D-4F40-9F80-360BCE120834}.Release|x64.Build.0 = Release|Any CPU
		{7E987B5A-EA5D-4F40-9F80-360BCE120834}.Release|x86.ActiveCfg = Release|Any CPU
		{7E987B5A-EA5D-4F40-9F80-360BCE120834}.Release|x86.Build.0 = Release|Any CPU
		{FB0F39CC-EBDA-4AED-953A-2270C5510724}.Ad-Hoc|Any CPU.ActiveCfg = Debug|Any CPU
		{FB0F39CC-EBDA-4AED-953A-2270C5510724}.Ad-Hoc|Any CPU.Build.0 = Debug|Any CPU
		{FB0F39CC-EBDA-4AED-953A-2270C5510724}.Ad-Hoc|ARM.ActiveCfg = Debug|Any CPU
		{FB0F39CC-EBDA-4AED-953A-2270C5510724}.Ad-Hoc|ARM.Build.0 = Debug|Any CPU
		{FB0F39CC-EBDA-4AED-953A-2270C5510724}.Ad-Hoc|ARM64.ActiveCfg = Debug|Any CPU
		{FB0F39CC-EBDA-4AED-953A-2270C5510724}.Ad-Hoc|ARM64.Build.0 = Debug|Any CPU
		{FB0F39CC-EBDA-4AED-953A-2270C5510724}.Ad-Hoc|iPhone.ActiveCfg = Debug|Any CPU
		{FB0F39CC-EBDA-4AED-953A-2270C5510724}.Ad-Hoc|iPhone.Build.0 = Debug|Any CPU
		{FB0F39CC-EBDA-4AED-953A-2270C5510724}.Ad-Hoc|iPhoneSimulator.ActiveCfg = Debug|Any CPU
		{FB0F39CC-EBDA-4AED-953A-2270C5510724}.Ad-Hoc|iPhoneSimulator.Build.0 = Debug|Any CPU
		{FB0F39CC-EBDA-4AED-953A-2270C5510724}.Ad-Hoc|x64.ActiveCfg = Debug|Any CPU
		{FB0F39CC-EBDA-4AED-953A-2270C5510724}.Ad-Hoc|x64.Build.0 = Debug|Any CPU
		{FB0F39CC-EBDA-4AED-953A-2270C5510724}.Ad-Hoc|x86.ActiveCfg = Debug|Any CPU
		{FB0F39CC-EBDA-4AED-953A-2270C5510724}.Ad-Hoc|x86.Build.0 = Debug|Any CPU
		{FB0F39CC-EBDA-4AED-953A-2270C5510724}.AppStore|Any CPU.ActiveCfg = Debug|Any CPU
		{FB0F39CC-EBDA-4AED-953A-2270C5510724}.AppStore|Any CPU.Build.0 = Debug|Any CPU
		{FB0F39CC-EBDA-4AED-953A-2270C5510724}.AppStore|ARM.ActiveCfg = Debug|Any CPU
		{FB0F39CC-EBDA-4AED-953A-2270C5510724}.AppStore|ARM.Build.0 = Debug|Any CPU
		{FB0F39CC-EBDA-4AED-953A-2270C5510724}.AppStore|ARM64.ActiveCfg = Debug|Any CPU
		{FB0F39CC-EBDA-4AED-953A-2270C5510724}.AppStore|ARM64.Build.0 = Debug|Any CPU
		{FB0F39CC-EBDA-4AED-953A-2270C5510724}.AppStore|iPhone.ActiveCfg = Debug|Any CPU
		{FB0F39CC-EBDA-4AED-953A-2270C5510724}.AppStore|iPhone.Build.0 = Debug|Any CPU
		{FB0F39CC-EBDA-4AED-953A-2270C5510724}.AppStore|iPhoneSimulator.ActiveCfg = Debug|Any CPU
		{FB0F39CC-EBDA-4AED-953A-2270C5510724}.AppStore|iPhoneSimulator.Build.0 = Debug|Any CPU
		{FB0F39CC-EBDA-4AED-953A-2270C5510724}.AppStore|x64.ActiveCfg = Debug|Any CPU
		{FB0F39CC-EBDA-4AED-953A-2270C5510724}.AppStore|x64.Build.0 = Debug|Any CPU
		{FB0F39CC-EBDA-4AED-953A-2270C5510724}.AppStore|x86.ActiveCfg = Debug|Any CPU
		{FB0F39CC-EBDA-4AED-953A-2270C5510724}.AppStore|x86.Build.0 = Debug|Any CPU
		{FB0F39CC-EBDA-4AED-953A-2270C5510724}.Debug|Any CPU.ActiveCfg = Debug|Any CPU
		{FB0F39CC-EBDA-4AED-953A-2270C5510724}.Debug|Any CPU.Build.0 = Debug|Any CPU
		{FB0F39CC-EBDA-4AED-953A-2270C5510724}.Debug|ARM.ActiveCfg = Debug|Any CPU
		{FB0F39CC-EBDA-4AED-953A-2270C5510724}.Debug|ARM.Build.0 = Debug|Any CPU
		{FB0F39CC-EBDA-4AED-953A-2270C5510724}.Debug|ARM64.ActiveCfg = Debug|Any CPU
		{FB0F39CC-EBDA-4AED-953A-2270C5510724}.Debug|ARM64.Build.0 = Debug|Any CPU
		{FB0F39CC-EBDA-4AED-953A-2270C5510724}.Debug|iPhone.ActiveCfg = Debug|Any CPU
		{FB0F39CC-EBDA-4AED-953A-2270C5510724}.Debug|iPhone.Build.0 = Debug|Any CPU
		{FB0F39CC-EBDA-4AED-953A-2270C5510724}.Debug|iPhoneSimulator.ActiveCfg = Debug|Any CPU
		{FB0F39CC-EBDA-4AED-953A-2270C5510724}.Debug|iPhoneSimulator.Build.0 = Debug|Any CPU
		{FB0F39CC-EBDA-4AED-953A-2270C5510724}.Debug|x64.ActiveCfg = Debug|Any CPU
		{FB0F39CC-EBDA-4AED-953A-2270C5510724}.Debug|x64.Build.0 = Debug|Any CPU
		{FB0F39CC-EBDA-4AED-953A-2270C5510724}.Debug|x86.ActiveCfg = Debug|Any CPU
		{FB0F39CC-EBDA-4AED-953A-2270C5510724}.Debug|x86.Build.0 = Debug|Any CPU
		{FB0F39CC-EBDA-4AED-953A-2270C5510724}.Release|Any CPU.ActiveCfg = Release|Any CPU
		{FB0F39CC-EBDA-4AED-953A-2270C5510724}.Release|Any CPU.Build.0 = Release|Any CPU
		{FB0F39CC-EBDA-4AED-953A-2270C5510724}.Release|ARM.ActiveCfg = Release|Any CPU
		{FB0F39CC-EBDA-4AED-953A-2270C5510724}.Release|ARM.Build.0 = Release|Any CPU
		{FB0F39CC-EBDA-4AED-953A-2270C5510724}.Release|ARM64.ActiveCfg = Release|Any CPU
		{FB0F39CC-EBDA-4AED-953A-2270C5510724}.Release|ARM64.Build.0 = Release|Any CPU
		{FB0F39CC-EBDA-4AED-953A-2270C5510724}.Release|iPhone.ActiveCfg = Release|Any CPU
		{FB0F39CC-EBDA-4AED-953A-2270C5510724}.Release|iPhone.Build.0 = Release|Any CPU
		{FB0F39CC-EBDA-4AED-953A-2270C5510724}.Release|iPhoneSimulator.ActiveCfg = Release|Any CPU
		{FB0F39CC-EBDA-4AED-953A-2270C5510724}.Release|iPhoneSimulator.Build.0 = Release|Any CPU
		{FB0F39CC-EBDA-4AED-953A-2270C5510724}.Release|x64.ActiveCfg = Release|Any CPU
		{FB0F39CC-EBDA-4AED-953A-2270C5510724}.Release|x64.Build.0 = Release|Any CPU
		{FB0F39CC-EBDA-4AED-953A-2270C5510724}.Release|x86.ActiveCfg = Release|Any CPU
		{FB0F39CC-EBDA-4AED-953A-2270C5510724}.Release|x86.Build.0 = Release|Any CPU
		{E12F7532-7A86-4BC6-BF67-B938439F5837}.Ad-Hoc|Any CPU.ActiveCfg = Debug|Any CPU
		{E12F7532-7A86-4BC6-BF67-B938439F5837}.Ad-Hoc|Any CPU.Build.0 = Debug|Any CPU
		{E12F7532-7A86-4BC6-BF67-B938439F5837}.Ad-Hoc|ARM.ActiveCfg = Debug|Any CPU
		{E12F7532-7A86-4BC6-BF67-B938439F5837}.Ad-Hoc|ARM.Build.0 = Debug|Any CPU
		{E12F7532-7A86-4BC6-BF67-B938439F5837}.Ad-Hoc|ARM64.ActiveCfg = Debug|Any CPU
		{E12F7532-7A86-4BC6-BF67-B938439F5837}.Ad-Hoc|ARM64.Build.0 = Debug|Any CPU
		{E12F7532-7A86-4BC6-BF67-B938439F5837}.Ad-Hoc|iPhone.ActiveCfg = Debug|Any CPU
		{E12F7532-7A86-4BC6-BF67-B938439F5837}.Ad-Hoc|iPhone.Build.0 = Debug|Any CPU
		{E12F7532-7A86-4BC6-BF67-B938439F5837}.Ad-Hoc|iPhoneSimulator.ActiveCfg = Debug|Any CPU
		{E12F7532-7A86-4BC6-BF67-B938439F5837}.Ad-Hoc|iPhoneSimulator.Build.0 = Debug|Any CPU
		{E12F7532-7A86-4BC6-BF67-B938439F5837}.Ad-Hoc|x64.ActiveCfg = Debug|Any CPU
		{E12F7532-7A86-4BC6-BF67-B938439F5837}.Ad-Hoc|x64.Build.0 = Debug|Any CPU
		{E12F7532-7A86-4BC6-BF67-B938439F5837}.Ad-Hoc|x86.ActiveCfg = Debug|Any CPU
		{E12F7532-7A86-4BC6-BF67-B938439F5837}.Ad-Hoc|x86.Build.0 = Debug|Any CPU
		{E12F7532-7A86-4BC6-BF67-B938439F5837}.AppStore|Any CPU.ActiveCfg = Debug|Any CPU
		{E12F7532-7A86-4BC6-BF67-B938439F5837}.AppStore|Any CPU.Build.0 = Debug|Any CPU
		{E12F7532-7A86-4BC6-BF67-B938439F5837}.AppStore|ARM.ActiveCfg = Debug|Any CPU
		{E12F7532-7A86-4BC6-BF67-B938439F5837}.AppStore|ARM.Build.0 = Debug|Any CPU
		{E12F7532-7A86-4BC6-BF67-B938439F5837}.AppStore|ARM64.ActiveCfg = Debug|Any CPU
		{E12F7532-7A86-4BC6-BF67-B938439F5837}.AppStore|ARM64.Build.0 = Debug|Any CPU
		{E12F7532-7A86-4BC6-BF67-B938439F5837}.AppStore|iPhone.ActiveCfg = Debug|Any CPU
		{E12F7532-7A86-4BC6-BF67-B938439F5837}.AppStore|iPhone.Build.0 = Debug|Any CPU
		{E12F7532-7A86-4BC6-BF67-B938439F5837}.AppStore|iPhoneSimulator.ActiveCfg = Debug|Any CPU
		{E12F7532-7A86-4BC6-BF67-B938439F5837}.AppStore|iPhoneSimulator.Build.0 = Debug|Any CPU
		{E12F7532-7A86-4BC6-BF67-B938439F5837}.AppStore|x64.ActiveCfg = Debug|Any CPU
		{E12F7532-7A86-4BC6-BF67-B938439F5837}.AppStore|x64.Build.0 = Debug|Any CPU
		{E12F7532-7A86-4BC6-BF67-B938439F5837}.AppStore|x86.ActiveCfg = Debug|Any CPU
		{E12F7532-7A86-4BC6-BF67-B938439F5837}.AppStore|x86.Build.0 = Debug|Any CPU
		{E12F7532-7A86-4BC6-BF67-B938439F5837}.Debug|Any CPU.ActiveCfg = Debug|Any CPU
		{E12F7532-7A86-4BC6-BF67-B938439F5837}.Debug|Any CPU.Build.0 = Debug|Any CPU
		{E12F7532-7A86-4BC6-BF67-B938439F5837}.Debug|ARM.ActiveCfg = Debug|Any CPU
		{E12F7532-7A86-4BC6-BF67-B938439F5837}.Debug|ARM.Build.0 = Debug|Any CPU
		{E12F7532-7A86-4BC6-BF67-B938439F5837}.Debug|ARM64.ActiveCfg = Debug|Any CPU
		{E12F7532-7A86-4BC6-BF67-B938439F5837}.Debug|ARM64.Build.0 = Debug|Any CPU
		{E12F7532-7A86-4BC6-BF67-B938439F5837}.Debug|iPhone.ActiveCfg = Debug|Any CPU
		{E12F7532-7A86-4BC6-BF67-B938439F5837}.Debug|iPhone.Build.0 = Debug|Any CPU
		{E12F7532-7A86-4BC6-BF67-B938439F5837}.Debug|iPhoneSimulator.ActiveCfg = Debug|Any CPU
		{E12F7532-7A86-4BC6-BF67-B938439F5837}.Debug|iPhoneSimulator.Build.0 = Debug|Any CPU
		{E12F7532-7A86-4BC6-BF67-B938439F5837}.Debug|x64.ActiveCfg = Debug|Any CPU
		{E12F7532-7A86-4BC6-BF67-B938439F5837}.Debug|x64.Build.0 = Debug|Any CPU
		{E12F7532-7A86-4BC6-BF67-B938439F5837}.Debug|x86.ActiveCfg = Debug|Any CPU
		{E12F7532-7A86-4BC6-BF67-B938439F5837}.Debug|x86.Build.0 = Debug|Any CPU
		{E12F7532-7A86-4BC6-BF67-B938439F5837}.Release|Any CPU.ActiveCfg = Release|Any CPU
		{E12F7532-7A86-4BC6-BF67-B938439F5837}.Release|Any CPU.Build.0 = Release|Any CPU
		{E12F7532-7A86-4BC6-BF67-B938439F5837}.Release|ARM.ActiveCfg = Release|Any CPU
		{E12F7532-7A86-4BC6-BF67-B938439F5837}.Release|ARM.Build.0 = Release|Any CPU
		{E12F7532-7A86-4BC6-BF67-B938439F5837}.Release|ARM64.ActiveCfg = Release|Any CPU
		{E12F7532-7A86-4BC6-BF67-B938439F5837}.Release|ARM64.Build.0 = Release|Any CPU
		{E12F7532-7A86-4BC6-BF67-B938439F5837}.Release|iPhone.ActiveCfg = Release|Any CPU
		{E12F7532-7A86-4BC6-BF67-B938439F5837}.Release|iPhone.Build.0 = Release|Any CPU
		{E12F7532-7A86-4BC6-BF67-B938439F5837}.Release|iPhoneSimulator.ActiveCfg = Release|Any CPU
		{E12F7532-7A86-4BC6-BF67-B938439F5837}.Release|iPhoneSimulator.Build.0 = Release|Any CPU
		{E12F7532-7A86-4BC6-BF67-B938439F5837}.Release|x64.ActiveCfg = Release|Any CPU
		{E12F7532-7A86-4BC6-BF67-B938439F5837}.Release|x64.Build.0 = Release|Any CPU
		{E12F7532-7A86-4BC6-BF67-B938439F5837}.Release|x86.ActiveCfg = Release|Any CPU
		{E12F7532-7A86-4BC6-BF67-B938439F5837}.Release|x86.Build.0 = Release|Any CPU
		{0F89FF82-9FB5-4F4E-8989-CB8F7D0D921C}.Ad-Hoc|Any CPU.ActiveCfg = Debug|Any CPU
		{0F89FF82-9FB5-4F4E-8989-CB8F7D0D921C}.Ad-Hoc|Any CPU.Build.0 = Debug|Any CPU
		{0F89FF82-9FB5-4F4E-8989-CB8F7D0D921C}.Ad-Hoc|ARM.ActiveCfg = Debug|Any CPU
		{0F89FF82-9FB5-4F4E-8989-CB8F7D0D921C}.Ad-Hoc|ARM.Build.0 = Debug|Any CPU
		{0F89FF82-9FB5-4F4E-8989-CB8F7D0D921C}.Ad-Hoc|ARM64.ActiveCfg = Debug|Any CPU
		{0F89FF82-9FB5-4F4E-8989-CB8F7D0D921C}.Ad-Hoc|ARM64.Build.0 = Debug|Any CPU
		{0F89FF82-9FB5-4F4E-8989-CB8F7D0D921C}.Ad-Hoc|iPhone.ActiveCfg = Debug|Any CPU
		{0F89FF82-9FB5-4F4E-8989-CB8F7D0D921C}.Ad-Hoc|iPhone.Build.0 = Debug|Any CPU
		{0F89FF82-9FB5-4F4E-8989-CB8F7D0D921C}.Ad-Hoc|iPhoneSimulator.ActiveCfg = Debug|Any CPU
		{0F89FF82-9FB5-4F4E-8989-CB8F7D0D921C}.Ad-Hoc|iPhoneSimulator.Build.0 = Debug|Any CPU
		{0F89FF82-9FB5-4F4E-8989-CB8F7D0D921C}.Ad-Hoc|x64.ActiveCfg = Debug|Any CPU
		{0F89FF82-9FB5-4F4E-8989-CB8F7D0D921C}.Ad-Hoc|x64.Build.0 = Debug|Any CPU
		{0F89FF82-9FB5-4F4E-8989-CB8F7D0D921C}.Ad-Hoc|x86.ActiveCfg = Debug|Any CPU
		{0F89FF82-9FB5-4F4E-8989-CB8F7D0D921C}.Ad-Hoc|x86.Build.0 = Debug|Any CPU
		{0F89FF82-9FB5-4F4E-8989-CB8F7D0D921C}.AppStore|Any CPU.ActiveCfg = Debug|Any CPU
		{0F89FF82-9FB5-4F4E-8989-CB8F7D0D921C}.AppStore|Any CPU.Build.0 = Debug|Any CPU
		{0F89FF82-9FB5-4F4E-8989-CB8F7D0D921C}.AppStore|ARM.ActiveCfg = Debug|Any CPU
		{0F89FF82-9FB5-4F4E-8989-CB8F7D0D921C}.AppStore|ARM.Build.0 = Debug|Any CPU
		{0F89FF82-9FB5-4F4E-8989-CB8F7D0D921C}.AppStore|ARM64.ActiveCfg = Debug|Any CPU
		{0F89FF82-9FB5-4F4E-8989-CB8F7D0D921C}.AppStore|ARM64.Build.0 = Debug|Any CPU
		{0F89FF82-9FB5-4F4E-8989-CB8F7D0D921C}.AppStore|iPhone.ActiveCfg = Debug|Any CPU
		{0F89FF82-9FB5-4F4E-8989-CB8F7D0D921C}.AppStore|iPhone.Build.0 = Debug|Any CPU
		{0F89FF82-9FB5-4F4E-8989-CB8F7D0D921C}.AppStore|iPhoneSimulator.ActiveCfg = Debug|Any CPU
		{0F89FF82-9FB5-4F4E-8989-CB8F7D0D921C}.AppStore|iPhoneSimulator.Build.0 = Debug|Any CPU
		{0F89FF82-9FB5-4F4E-8989-CB8F7D0D921C}.AppStore|x64.ActiveCfg = Debug|Any CPU
		{0F89FF82-9FB5-4F4E-8989-CB8F7D0D921C}.AppStore|x64.Build.0 = Debug|Any CPU
		{0F89FF82-9FB5-4F4E-8989-CB8F7D0D921C}.AppStore|x86.ActiveCfg = Debug|Any CPU
		{0F89FF82-9FB5-4F4E-8989-CB8F7D0D921C}.AppStore|x86.Build.0 = Debug|Any CPU
		{0F89FF82-9FB5-4F4E-8989-CB8F7D0D921C}.Debug|Any CPU.ActiveCfg = Debug|Any CPU
		{0F89FF82-9FB5-4F4E-8989-CB8F7D0D921C}.Debug|Any CPU.Build.0 = Debug|Any CPU
		{0F89FF82-9FB5-4F4E-8989-CB8F7D0D921C}.Debug|ARM.ActiveCfg = Debug|Any CPU
		{0F89FF82-9FB5-4F4E-8989-CB8F7D0D921C}.Debug|ARM.Build.0 = Debug|Any CPU
		{0F89FF82-9FB5-4F4E-8989-CB8F7D0D921C}.Debug|ARM64.ActiveCfg = Debug|Any CPU
		{0F89FF82-9FB5-4F4E-8989-CB8F7D0D921C}.Debug|ARM64.Build.0 = Debug|Any CPU
		{0F89FF82-9FB5-4F4E-8989-CB8F7D0D921C}.Debug|iPhone.ActiveCfg = Debug|Any CPU
		{0F89FF82-9FB5-4F4E-8989-CB8F7D0D921C}.Debug|iPhone.Build.0 = Debug|Any CPU
		{0F89FF82-9FB5-4F4E-8989-CB8F7D0D921C}.Debug|iPhoneSimulator.ActiveCfg = Debug|Any CPU
		{0F89FF82-9FB5-4F4E-8989-CB8F7D0D921C}.Debug|iPhoneSimulator.Build.0 = Debug|Any CPU
		{0F89FF82-9FB5-4F4E-8989-CB8F7D0D921C}.Debug|x64.ActiveCfg = Debug|Any CPU
		{0F89FF82-9FB5-4F4E-8989-CB8F7D0D921C}.Debug|x64.Build.0 = Debug|Any CPU
		{0F89FF82-9FB5-4F4E-8989-CB8F7D0D921C}.Debug|x86.ActiveCfg = Debug|Any CPU
		{0F89FF82-9FB5-4F4E-8989-CB8F7D0D921C}.Debug|x86.Build.0 = Debug|Any CPU
		{0F89FF82-9FB5-4F4E-8989-CB8F7D0D921C}.Release|Any CPU.ActiveCfg = Release|Any CPU
		{0F89FF82-9FB5-4F4E-8989-CB8F7D0D921C}.Release|Any CPU.Build.0 = Release|Any CPU
		{0F89FF82-9FB5-4F4E-8989-CB8F7D0D921C}.Release|ARM.ActiveCfg = Release|Any CPU
		{0F89FF82-9FB5-4F4E-8989-CB8F7D0D921C}.Release|ARM.Build.0 = Release|Any CPU
		{0F89FF82-9FB5-4F4E-8989-CB8F7D0D921C}.Release|ARM64.ActiveCfg = Release|Any CPU
		{0F89FF82-9FB5-4F4E-8989-CB8F7D0D921C}.Release|ARM64.Build.0 = Release|Any CPU
		{0F89FF82-9FB5-4F4E-8989-CB8F7D0D921C}.Release|iPhone.ActiveCfg = Release|Any CPU
		{0F89FF82-9FB5-4F4E-8989-CB8F7D0D921C}.Release|iPhone.Build.0 = Release|Any CPU
		{0F89FF82-9FB5-4F4E-8989-CB8F7D0D921C}.Release|iPhoneSimulator.ActiveCfg = Release|Any CPU
		{0F89FF82-9FB5-4F4E-8989-CB8F7D0D921C}.Release|iPhoneSimulator.Build.0 = Release|Any CPU
		{0F89FF82-9FB5-4F4E-8989-CB8F7D0D921C}.Release|x64.ActiveCfg = Release|Any CPU
		{0F89FF82-9FB5-4F4E-8989-CB8F7D0D921C}.Release|x64.Build.0 = Release|Any CPU
		{0F89FF82-9FB5-4F4E-8989-CB8F7D0D921C}.Release|x86.ActiveCfg = Release|Any CPU
		{0F89FF82-9FB5-4F4E-8989-CB8F7D0D921C}.Release|x86.Build.0 = Release|Any CPU
		{84A45861-7E0B-4B9B-A42A-7DBA8F817A3B}.Ad-Hoc|Any CPU.ActiveCfg = Debug|Any CPU
		{84A45861-7E0B-4B9B-A42A-7DBA8F817A3B}.Ad-Hoc|Any CPU.Build.0 = Debug|Any CPU
		{84A45861-7E0B-4B9B-A42A-7DBA8F817A3B}.Ad-Hoc|ARM.ActiveCfg = Debug|Any CPU
		{84A45861-7E0B-4B9B-A42A-7DBA8F817A3B}.Ad-Hoc|ARM.Build.0 = Debug|Any CPU
		{84A45861-7E0B-4B9B-A42A-7DBA8F817A3B}.Ad-Hoc|ARM64.ActiveCfg = Debug|Any CPU
		{84A45861-7E0B-4B9B-A42A-7DBA8F817A3B}.Ad-Hoc|ARM64.Build.0 = Debug|Any CPU
		{84A45861-7E0B-4B9B-A42A-7DBA8F817A3B}.Ad-Hoc|iPhone.ActiveCfg = Debug|Any CPU
		{84A45861-7E0B-4B9B-A42A-7DBA8F817A3B}.Ad-Hoc|iPhone.Build.0 = Debug|Any CPU
		{84A45861-7E0B-4B9B-A42A-7DBA8F817A3B}.Ad-Hoc|iPhoneSimulator.ActiveCfg = Debug|Any CPU
		{84A45861-7E0B-4B9B-A42A-7DBA8F817A3B}.Ad-Hoc|iPhoneSimulator.Build.0 = Debug|Any CPU
		{84A45861-7E0B-4B9B-A42A-7DBA8F817A3B}.Ad-Hoc|x64.ActiveCfg = Debug|Any CPU
		{84A45861-7E0B-4B9B-A42A-7DBA8F817A3B}.Ad-Hoc|x64.Build.0 = Debug|Any CPU
		{84A45861-7E0B-4B9B-A42A-7DBA8F817A3B}.Ad-Hoc|x86.ActiveCfg = Debug|Any CPU
		{84A45861-7E0B-4B9B-A42A-7DBA8F817A3B}.Ad-Hoc|x86.Build.0 = Debug|Any CPU
		{84A45861-7E0B-4B9B-A42A-7DBA8F817A3B}.AppStore|Any CPU.ActiveCfg = Debug|Any CPU
		{84A45861-7E0B-4B9B-A42A-7DBA8F817A3B}.AppStore|Any CPU.Build.0 = Debug|Any CPU
		{84A45861-7E0B-4B9B-A42A-7DBA8F817A3B}.AppStore|ARM.ActiveCfg = Debug|Any CPU
		{84A45861-7E0B-4B9B-A42A-7DBA8F817A3B}.AppStore|ARM.Build.0 = Debug|Any CPU
		{84A45861-7E0B-4B9B-A42A-7DBA8F817A3B}.AppStore|ARM64.ActiveCfg = Debug|Any CPU
		{84A45861-7E0B-4B9B-A42A-7DBA8F817A3B}.AppStore|ARM64.Build.0 = Debug|Any CPU
		{84A45861-7E0B-4B9B-A42A-7DBA8F817A3B}.AppStore|iPhone.ActiveCfg = Debug|Any CPU
		{84A45861-7E0B-4B9B-A42A-7DBA8F817A3B}.AppStore|iPhone.Build.0 = Debug|Any CPU
		{84A45861-7E0B-4B9B-A42A-7DBA8F817A3B}.AppStore|iPhoneSimulator.ActiveCfg = Debug|Any CPU
		{84A45861-7E0B-4B9B-A42A-7DBA8F817A3B}.AppStore|iPhoneSimulator.Build.0 = Debug|Any CPU
		{84A45861-7E0B-4B9B-A42A-7DBA8F817A3B}.AppStore|x64.ActiveCfg = Debug|Any CPU
		{84A45861-7E0B-4B9B-A42A-7DBA8F817A3B}.AppStore|x64.Build.0 = Debug|Any CPU
		{84A45861-7E0B-4B9B-A42A-7DBA8F817A3B}.AppStore|x86.ActiveCfg = Debug|Any CPU
		{84A45861-7E0B-4B9B-A42A-7DBA8F817A3B}.AppStore|x86.Build.0 = Debug|Any CPU
		{84A45861-7E0B-4B9B-A42A-7DBA8F817A3B}.Debug|Any CPU.ActiveCfg = Debug|Any CPU
		{84A45861-7E0B-4B9B-A42A-7DBA8F817A3B}.Debug|Any CPU.Build.0 = Debug|Any CPU
		{84A45861-7E0B-4B9B-A42A-7DBA8F817A3B}.Debug|ARM.ActiveCfg = Debug|Any CPU
		{84A45861-7E0B-4B9B-A42A-7DBA8F817A3B}.Debug|ARM.Build.0 = Debug|Any CPU
		{84A45861-7E0B-4B9B-A42A-7DBA8F817A3B}.Debug|ARM64.ActiveCfg = Debug|Any CPU
		{84A45861-7E0B-4B9B-A42A-7DBA8F817A3B}.Debug|ARM64.Build.0 = Debug|Any CPU
		{84A45861-7E0B-4B9B-A42A-7DBA8F817A3B}.Debug|iPhone.ActiveCfg = Debug|Any CPU
		{84A45861-7E0B-4B9B-A42A-7DBA8F817A3B}.Debug|iPhone.Build.0 = Debug|Any CPU
		{84A45861-7E0B-4B9B-A42A-7DBA8F817A3B}.Debug|iPhoneSimulator.ActiveCfg = Debug|Any CPU
		{84A45861-7E0B-4B9B-A42A-7DBA8F817A3B}.Debug|iPhoneSimulator.Build.0 = Debug|Any CPU
		{84A45861-7E0B-4B9B-A42A-7DBA8F817A3B}.Debug|x64.ActiveCfg = Debug|Any CPU
		{84A45861-7E0B-4B9B-A42A-7DBA8F817A3B}.Debug|x64.Build.0 = Debug|Any CPU
		{84A45861-7E0B-4B9B-A42A-7DBA8F817A3B}.Debug|x86.ActiveCfg = Debug|Any CPU
		{84A45861-7E0B-4B9B-A42A-7DBA8F817A3B}.Debug|x86.Build.0 = Debug|Any CPU
		{84A45861-7E0B-4B9B-A42A-7DBA8F817A3B}.Release|Any CPU.ActiveCfg = Release|Any CPU
		{84A45861-7E0B-4B9B-A42A-7DBA8F817A3B}.Release|Any CPU.Build.0 = Release|Any CPU
		{84A45861-7E0B-4B9B-A42A-7DBA8F817A3B}.Release|ARM.ActiveCfg = Release|Any CPU
		{84A45861-7E0B-4B9B-A42A-7DBA8F817A3B}.Release|ARM.Build.0 = Release|Any CPU
		{84A45861-7E0B-4B9B-A42A-7DBA8F817A3B}.Release|ARM64.ActiveCfg = Release|Any CPU
		{84A45861-7E0B-4B9B-A42A-7DBA8F817A3B}.Release|ARM64.Build.0 = Release|Any CPU
		{84A45861-7E0B-4B9B-A42A-7DBA8F817A3B}.Release|iPhone.ActiveCfg = Release|Any CPU
		{84A45861-7E0B-4B9B-A42A-7DBA8F817A3B}.Release|iPhone.Build.0 = Release|Any CPU
		{84A45861-7E0B-4B9B-A42A-7DBA8F817A3B}.Release|iPhoneSimulator.ActiveCfg = Release|Any CPU
		{84A45861-7E0B-4B9B-A42A-7DBA8F817A3B}.Release|iPhoneSimulator.Build.0 = Release|Any CPU
		{84A45861-7E0B-4B9B-A42A-7DBA8F817A3B}.Release|x64.ActiveCfg = Release|Any CPU
		{84A45861-7E0B-4B9B-A42A-7DBA8F817A3B}.Release|x64.Build.0 = Release|Any CPU
		{84A45861-7E0B-4B9B-A42A-7DBA8F817A3B}.Release|x86.ActiveCfg = Release|Any CPU
		{84A45861-7E0B-4B9B-A42A-7DBA8F817A3B}.Release|x86.Build.0 = Release|Any CPU
		{C55975CA-BF3A-4810-A38B-3916E2DE5D4B}.Ad-Hoc|Any CPU.ActiveCfg = Debug|x86
		{C55975CA-BF3A-4810-A38B-3916E2DE5D4B}.Ad-Hoc|Any CPU.Build.0 = Debug|x86
		{C55975CA-BF3A-4810-A38B-3916E2DE5D4B}.Ad-Hoc|Any CPU.Deploy.0 = Debug|x86
		{C55975CA-BF3A-4810-A38B-3916E2DE5D4B}.Ad-Hoc|ARM.ActiveCfg = Debug|ARM
		{C55975CA-BF3A-4810-A38B-3916E2DE5D4B}.Ad-Hoc|ARM.Build.0 = Debug|ARM
		{C55975CA-BF3A-4810-A38B-3916E2DE5D4B}.Ad-Hoc|ARM.Deploy.0 = Debug|ARM
		{C55975CA-BF3A-4810-A38B-3916E2DE5D4B}.Ad-Hoc|ARM64.ActiveCfg = Debug|ARM64
		{C55975CA-BF3A-4810-A38B-3916E2DE5D4B}.Ad-Hoc|ARM64.Build.0 = Debug|ARM64
		{C55975CA-BF3A-4810-A38B-3916E2DE5D4B}.Ad-Hoc|ARM64.Deploy.0 = Debug|ARM64
		{C55975CA-BF3A-4810-A38B-3916E2DE5D4B}.Ad-Hoc|iPhone.ActiveCfg = Debug|x86
		{C55975CA-BF3A-4810-A38B-3916E2DE5D4B}.Ad-Hoc|iPhone.Build.0 = Debug|x86
		{C55975CA-BF3A-4810-A38B-3916E2DE5D4B}.Ad-Hoc|iPhone.Deploy.0 = Debug|x86
		{C55975CA-BF3A-4810-A38B-3916E2DE5D4B}.Ad-Hoc|iPhoneSimulator.ActiveCfg = Debug|x86
		{C55975CA-BF3A-4810-A38B-3916E2DE5D4B}.Ad-Hoc|iPhoneSimulator.Build.0 = Debug|x86
		{C55975CA-BF3A-4810-A38B-3916E2DE5D4B}.Ad-Hoc|iPhoneSimulator.Deploy.0 = Debug|x86
		{C55975CA-BF3A-4810-A38B-3916E2DE5D4B}.Ad-Hoc|x64.ActiveCfg = Debug|x64
		{C55975CA-BF3A-4810-A38B-3916E2DE5D4B}.Ad-Hoc|x64.Build.0 = Debug|x64
		{C55975CA-BF3A-4810-A38B-3916E2DE5D4B}.Ad-Hoc|x64.Deploy.0 = Debug|x64
		{C55975CA-BF3A-4810-A38B-3916E2DE5D4B}.Ad-Hoc|x86.ActiveCfg = Debug|x86
		{C55975CA-BF3A-4810-A38B-3916E2DE5D4B}.Ad-Hoc|x86.Build.0 = Debug|x86
		{C55975CA-BF3A-4810-A38B-3916E2DE5D4B}.Ad-Hoc|x86.Deploy.0 = Debug|x86
		{C55975CA-BF3A-4810-A38B-3916E2DE5D4B}.AppStore|Any CPU.ActiveCfg = Debug|x86
		{C55975CA-BF3A-4810-A38B-3916E2DE5D4B}.AppStore|Any CPU.Build.0 = Debug|x86
		{C55975CA-BF3A-4810-A38B-3916E2DE5D4B}.AppStore|Any CPU.Deploy.0 = Debug|x86
		{C55975CA-BF3A-4810-A38B-3916E2DE5D4B}.AppStore|ARM.ActiveCfg = Debug|ARM
		{C55975CA-BF3A-4810-A38B-3916E2DE5D4B}.AppStore|ARM.Build.0 = Debug|ARM
		{C55975CA-BF3A-4810-A38B-3916E2DE5D4B}.AppStore|ARM.Deploy.0 = Debug|ARM
		{C55975CA-BF3A-4810-A38B-3916E2DE5D4B}.AppStore|ARM64.ActiveCfg = Debug|ARM64
		{C55975CA-BF3A-4810-A38B-3916E2DE5D4B}.AppStore|ARM64.Build.0 = Debug|ARM64
		{C55975CA-BF3A-4810-A38B-3916E2DE5D4B}.AppStore|ARM64.Deploy.0 = Debug|ARM64
		{C55975CA-BF3A-4810-A38B-3916E2DE5D4B}.AppStore|iPhone.ActiveCfg = Debug|x86
		{C55975CA-BF3A-4810-A38B-3916E2DE5D4B}.AppStore|iPhone.Build.0 = Debug|x86
		{C55975CA-BF3A-4810-A38B-3916E2DE5D4B}.AppStore|iPhone.Deploy.0 = Debug|x86
		{C55975CA-BF3A-4810-A38B-3916E2DE5D4B}.AppStore|iPhoneSimulator.ActiveCfg = Debug|x86
		{C55975CA-BF3A-4810-A38B-3916E2DE5D4B}.AppStore|iPhoneSimulator.Build.0 = Debug|x86
		{C55975CA-BF3A-4810-A38B-3916E2DE5D4B}.AppStore|iPhoneSimulator.Deploy.0 = Debug|x86
		{C55975CA-BF3A-4810-A38B-3916E2DE5D4B}.AppStore|x64.ActiveCfg = Debug|x64
		{C55975CA-BF3A-4810-A38B-3916E2DE5D4B}.AppStore|x64.Build.0 = Debug|x64
		{C55975CA-BF3A-4810-A38B-3916E2DE5D4B}.AppStore|x64.Deploy.0 = Debug|x64
		{C55975CA-BF3A-4810-A38B-3916E2DE5D4B}.AppStore|x86.ActiveCfg = Debug|x86
		{C55975CA-BF3A-4810-A38B-3916E2DE5D4B}.AppStore|x86.Build.0 = Debug|x86
		{C55975CA-BF3A-4810-A38B-3916E2DE5D4B}.AppStore|x86.Deploy.0 = Debug|x86
		{C55975CA-BF3A-4810-A38B-3916E2DE5D4B}.Debug|Any CPU.ActiveCfg = Debug|x64
		{C55975CA-BF3A-4810-A38B-3916E2DE5D4B}.Debug|Any CPU.Build.0 = Debug|x64
		{C55975CA-BF3A-4810-A38B-3916E2DE5D4B}.Debug|Any CPU.Deploy.0 = Debug|x64
		{C55975CA-BF3A-4810-A38B-3916E2DE5D4B}.Debug|ARM.ActiveCfg = Debug|ARM
		{C55975CA-BF3A-4810-A38B-3916E2DE5D4B}.Debug|ARM.Build.0 = Debug|ARM
		{C55975CA-BF3A-4810-A38B-3916E2DE5D4B}.Debug|ARM.Deploy.0 = Debug|ARM
		{C55975CA-BF3A-4810-A38B-3916E2DE5D4B}.Debug|ARM64.ActiveCfg = Debug|ARM64
		{C55975CA-BF3A-4810-A38B-3916E2DE5D4B}.Debug|ARM64.Build.0 = Debug|ARM64
		{C55975CA-BF3A-4810-A38B-3916E2DE5D4B}.Debug|ARM64.Deploy.0 = Debug|ARM64
		{C55975CA-BF3A-4810-A38B-3916E2DE5D4B}.Debug|iPhone.ActiveCfg = Debug|x64
		{C55975CA-BF3A-4810-A38B-3916E2DE5D4B}.Debug|iPhone.Build.0 = Debug|x64
		{C55975CA-BF3A-4810-A38B-3916E2DE5D4B}.Debug|iPhone.Deploy.0 = Debug|x64
		{C55975CA-BF3A-4810-A38B-3916E2DE5D4B}.Debug|iPhoneSimulator.ActiveCfg = Debug|x64
		{C55975CA-BF3A-4810-A38B-3916E2DE5D4B}.Debug|iPhoneSimulator.Build.0 = Debug|x64
		{C55975CA-BF3A-4810-A38B-3916E2DE5D4B}.Debug|iPhoneSimulator.Deploy.0 = Debug|x64
		{C55975CA-BF3A-4810-A38B-3916E2DE5D4B}.Debug|x64.ActiveCfg = Debug|x64
		{C55975CA-BF3A-4810-A38B-3916E2DE5D4B}.Debug|x64.Build.0 = Debug|x64
		{C55975CA-BF3A-4810-A38B-3916E2DE5D4B}.Debug|x64.Deploy.0 = Debug|x64
		{C55975CA-BF3A-4810-A38B-3916E2DE5D4B}.Debug|x86.ActiveCfg = Debug|x86
		{C55975CA-BF3A-4810-A38B-3916E2DE5D4B}.Debug|x86.Build.0 = Debug|x86
		{C55975CA-BF3A-4810-A38B-3916E2DE5D4B}.Debug|x86.Deploy.0 = Debug|x86
		{C55975CA-BF3A-4810-A38B-3916E2DE5D4B}.Release|Any CPU.ActiveCfg = Release|x64
		{C55975CA-BF3A-4810-A38B-3916E2DE5D4B}.Release|Any CPU.Build.0 = Release|x64
		{C55975CA-BF3A-4810-A38B-3916E2DE5D4B}.Release|Any CPU.Deploy.0 = Release|x64
		{C55975CA-BF3A-4810-A38B-3916E2DE5D4B}.Release|ARM.ActiveCfg = Release|ARM
		{C55975CA-BF3A-4810-A38B-3916E2DE5D4B}.Release|ARM.Build.0 = Release|ARM
		{C55975CA-BF3A-4810-A38B-3916E2DE5D4B}.Release|ARM.Deploy.0 = Release|ARM
		{C55975CA-BF3A-4810-A38B-3916E2DE5D4B}.Release|ARM64.ActiveCfg = Release|ARM64
		{C55975CA-BF3A-4810-A38B-3916E2DE5D4B}.Release|ARM64.Build.0 = Release|ARM64
		{C55975CA-BF3A-4810-A38B-3916E2DE5D4B}.Release|ARM64.Deploy.0 = Release|ARM64
		{C55975CA-BF3A-4810-A38B-3916E2DE5D4B}.Release|iPhone.ActiveCfg = Release|x64
		{C55975CA-BF3A-4810-A38B-3916E2DE5D4B}.Release|iPhone.Build.0 = Release|x64
		{C55975CA-BF3A-4810-A38B-3916E2DE5D4B}.Release|iPhone.Deploy.0 = Release|x64
		{C55975CA-BF3A-4810-A38B-3916E2DE5D4B}.Release|iPhoneSimulator.ActiveCfg = Release|x64
		{C55975CA-BF3A-4810-A38B-3916E2DE5D4B}.Release|iPhoneSimulator.Build.0 = Release|x64
		{C55975CA-BF3A-4810-A38B-3916E2DE5D4B}.Release|iPhoneSimulator.Deploy.0 = Release|x64
		{C55975CA-BF3A-4810-A38B-3916E2DE5D4B}.Release|x64.ActiveCfg = Release|x64
		{C55975CA-BF3A-4810-A38B-3916E2DE5D4B}.Release|x64.Build.0 = Release|x64
		{C55975CA-BF3A-4810-A38B-3916E2DE5D4B}.Release|x64.Deploy.0 = Release|x64
		{C55975CA-BF3A-4810-A38B-3916E2DE5D4B}.Release|x86.ActiveCfg = Release|x86
		{C55975CA-BF3A-4810-A38B-3916E2DE5D4B}.Release|x86.Build.0 = Release|x86
		{C55975CA-BF3A-4810-A38B-3916E2DE5D4B}.Release|x86.Deploy.0 = Release|x86
		{195D8ED4-374D-4D53-B0B7-4C924F684D54}.Ad-Hoc|Any CPU.ActiveCfg = Debug|iPhoneSimulator
		{195D8ED4-374D-4D53-B0B7-4C924F684D54}.Ad-Hoc|Any CPU.Build.0 = Debug|iPhoneSimulator
		{195D8ED4-374D-4D53-B0B7-4C924F684D54}.Ad-Hoc|ARM.ActiveCfg = Debug|iPhoneSimulator
		{195D8ED4-374D-4D53-B0B7-4C924F684D54}.Ad-Hoc|ARM.Build.0 = Debug|iPhoneSimulator
		{195D8ED4-374D-4D53-B0B7-4C924F684D54}.Ad-Hoc|ARM64.ActiveCfg = Debug|iPhoneSimulator
		{195D8ED4-374D-4D53-B0B7-4C924F684D54}.Ad-Hoc|ARM64.Build.0 = Debug|iPhoneSimulator
		{195D8ED4-374D-4D53-B0B7-4C924F684D54}.Ad-Hoc|iPhone.ActiveCfg = Debug|iPhoneSimulator
		{195D8ED4-374D-4D53-B0B7-4C924F684D54}.Ad-Hoc|iPhone.Build.0 = Debug|iPhoneSimulator
		{195D8ED4-374D-4D53-B0B7-4C924F684D54}.Ad-Hoc|iPhoneSimulator.ActiveCfg = Debug|iPhoneSimulator
		{195D8ED4-374D-4D53-B0B7-4C924F684D54}.Ad-Hoc|iPhoneSimulator.Build.0 = Debug|iPhoneSimulator
		{195D8ED4-374D-4D53-B0B7-4C924F684D54}.Ad-Hoc|x64.ActiveCfg = Debug|iPhoneSimulator
		{195D8ED4-374D-4D53-B0B7-4C924F684D54}.Ad-Hoc|x64.Build.0 = Debug|iPhoneSimulator
		{195D8ED4-374D-4D53-B0B7-4C924F684D54}.Ad-Hoc|x86.ActiveCfg = Debug|iPhoneSimulator
		{195D8ED4-374D-4D53-B0B7-4C924F684D54}.Ad-Hoc|x86.Build.0 = Debug|iPhoneSimulator
		{195D8ED4-374D-4D53-B0B7-4C924F684D54}.AppStore|Any CPU.ActiveCfg = Debug|iPhoneSimulator
		{195D8ED4-374D-4D53-B0B7-4C924F684D54}.AppStore|Any CPU.Build.0 = Debug|iPhoneSimulator
		{195D8ED4-374D-4D53-B0B7-4C924F684D54}.AppStore|ARM.ActiveCfg = Debug|iPhoneSimulator
		{195D8ED4-374D-4D53-B0B7-4C924F684D54}.AppStore|ARM.Build.0 = Debug|iPhoneSimulator
		{195D8ED4-374D-4D53-B0B7-4C924F684D54}.AppStore|ARM64.ActiveCfg = Debug|iPhoneSimulator
		{195D8ED4-374D-4D53-B0B7-4C924F684D54}.AppStore|ARM64.Build.0 = Debug|iPhoneSimulator
		{195D8ED4-374D-4D53-B0B7-4C924F684D54}.AppStore|iPhone.ActiveCfg = Debug|iPhoneSimulator
		{195D8ED4-374D-4D53-B0B7-4C924F684D54}.AppStore|iPhone.Build.0 = Debug|iPhoneSimulator
		{195D8ED4-374D-4D53-B0B7-4C924F684D54}.AppStore|iPhoneSimulator.ActiveCfg = Debug|iPhoneSimulator
		{195D8ED4-374D-4D53-B0B7-4C924F684D54}.AppStore|iPhoneSimulator.Build.0 = Debug|iPhoneSimulator
		{195D8ED4-374D-4D53-B0B7-4C924F684D54}.AppStore|x64.ActiveCfg = Debug|iPhoneSimulator
		{195D8ED4-374D-4D53-B0B7-4C924F684D54}.AppStore|x64.Build.0 = Debug|iPhoneSimulator
		{195D8ED4-374D-4D53-B0B7-4C924F684D54}.AppStore|x86.ActiveCfg = Debug|iPhoneSimulator
		{195D8ED4-374D-4D53-B0B7-4C924F684D54}.AppStore|x86.Build.0 = Debug|iPhoneSimulator
		{195D8ED4-374D-4D53-B0B7-4C924F684D54}.Debug|Any CPU.ActiveCfg = Debug|iPhoneSimulator
		{195D8ED4-374D-4D53-B0B7-4C924F684D54}.Debug|Any CPU.Build.0 = Debug|iPhoneSimulator
		{195D8ED4-374D-4D53-B0B7-4C924F684D54}.Debug|ARM.ActiveCfg = Debug|iPhoneSimulator
		{195D8ED4-374D-4D53-B0B7-4C924F684D54}.Debug|ARM.Build.0 = Debug|iPhoneSimulator
		{195D8ED4-374D-4D53-B0B7-4C924F684D54}.Debug|ARM64.ActiveCfg = Debug|iPhoneSimulator
		{195D8ED4-374D-4D53-B0B7-4C924F684D54}.Debug|ARM64.Build.0 = Debug|iPhoneSimulator
		{195D8ED4-374D-4D53-B0B7-4C924F684D54}.Debug|iPhone.ActiveCfg = Debug|iPhoneSimulator
		{195D8ED4-374D-4D53-B0B7-4C924F684D54}.Debug|iPhone.Build.0 = Debug|iPhoneSimulator
		{195D8ED4-374D-4D53-B0B7-4C924F684D54}.Debug|iPhoneSimulator.ActiveCfg = Debug|iPhoneSimulator
		{195D8ED4-374D-4D53-B0B7-4C924F684D54}.Debug|iPhoneSimulator.Build.0 = Debug|iPhoneSimulator
		{195D8ED4-374D-4D53-B0B7-4C924F684D54}.Debug|x64.ActiveCfg = Debug|iPhoneSimulator
		{195D8ED4-374D-4D53-B0B7-4C924F684D54}.Debug|x64.Build.0 = Debug|iPhoneSimulator
		{195D8ED4-374D-4D53-B0B7-4C924F684D54}.Debug|x86.ActiveCfg = Debug|iPhoneSimulator
		{195D8ED4-374D-4D53-B0B7-4C924F684D54}.Debug|x86.Build.0 = Debug|iPhoneSimulator
		{195D8ED4-374D-4D53-B0B7-4C924F684D54}.Release|Any CPU.ActiveCfg = Release|iPhoneSimulator
		{195D8ED4-374D-4D53-B0B7-4C924F684D54}.Release|Any CPU.Build.0 = Release|iPhoneSimulator
		{195D8ED4-374D-4D53-B0B7-4C924F684D54}.Release|ARM.ActiveCfg = Release|iPhoneSimulator
		{195D8ED4-374D-4D53-B0B7-4C924F684D54}.Release|ARM.Build.0 = Release|iPhoneSimulator
		{195D8ED4-374D-4D53-B0B7-4C924F684D54}.Release|ARM64.ActiveCfg = Release|iPhoneSimulator
		{195D8ED4-374D-4D53-B0B7-4C924F684D54}.Release|ARM64.Build.0 = Release|iPhoneSimulator
		{195D8ED4-374D-4D53-B0B7-4C924F684D54}.Release|iPhone.ActiveCfg = Release|iPhoneSimulator
		{195D8ED4-374D-4D53-B0B7-4C924F684D54}.Release|iPhone.Build.0 = Release|iPhoneSimulator
		{195D8ED4-374D-4D53-B0B7-4C924F684D54}.Release|iPhoneSimulator.ActiveCfg = Release|iPhoneSimulator
		{195D8ED4-374D-4D53-B0B7-4C924F684D54}.Release|iPhoneSimulator.Build.0 = Release|iPhoneSimulator
		{195D8ED4-374D-4D53-B0B7-4C924F684D54}.Release|x64.ActiveCfg = Release|iPhoneSimulator
		{195D8ED4-374D-4D53-B0B7-4C924F684D54}.Release|x64.Build.0 = Release|iPhoneSimulator
		{195D8ED4-374D-4D53-B0B7-4C924F684D54}.Release|x86.ActiveCfg = Release|iPhoneSimulator
		{195D8ED4-374D-4D53-B0B7-4C924F684D54}.Release|x86.Build.0 = Release|iPhoneSimulator
		{D74864C2-1839-404C-A1DA-1B3EC198A4E0}.Ad-Hoc|Any CPU.ActiveCfg = Debug|Any CPU
		{D74864C2-1839-404C-A1DA-1B3EC198A4E0}.Ad-Hoc|Any CPU.Build.0 = Debug|Any CPU
		{D74864C2-1839-404C-A1DA-1B3EC198A4E0}.Ad-Hoc|ARM.ActiveCfg = Debug|Any CPU
		{D74864C2-1839-404C-A1DA-1B3EC198A4E0}.Ad-Hoc|ARM.Build.0 = Debug|Any CPU
		{D74864C2-1839-404C-A1DA-1B3EC198A4E0}.Ad-Hoc|ARM64.ActiveCfg = Debug|Any CPU
		{D74864C2-1839-404C-A1DA-1B3EC198A4E0}.Ad-Hoc|ARM64.Build.0 = Debug|Any CPU
		{D74864C2-1839-404C-A1DA-1B3EC198A4E0}.Ad-Hoc|iPhone.ActiveCfg = Debug|Any CPU
		{D74864C2-1839-404C-A1DA-1B3EC198A4E0}.Ad-Hoc|iPhone.Build.0 = Debug|Any CPU
		{D74864C2-1839-404C-A1DA-1B3EC198A4E0}.Ad-Hoc|iPhoneSimulator.ActiveCfg = Debug|Any CPU
		{D74864C2-1839-404C-A1DA-1B3EC198A4E0}.Ad-Hoc|iPhoneSimulator.Build.0 = Debug|Any CPU
		{D74864C2-1839-404C-A1DA-1B3EC198A4E0}.Ad-Hoc|x64.ActiveCfg = Debug|Any CPU
		{D74864C2-1839-404C-A1DA-1B3EC198A4E0}.Ad-Hoc|x64.Build.0 = Debug|Any CPU
		{D74864C2-1839-404C-A1DA-1B3EC198A4E0}.Ad-Hoc|x86.ActiveCfg = Debug|Any CPU
		{D74864C2-1839-404C-A1DA-1B3EC198A4E0}.Ad-Hoc|x86.Build.0 = Debug|Any CPU
		{D74864C2-1839-404C-A1DA-1B3EC198A4E0}.AppStore|Any CPU.ActiveCfg = Debug|Any CPU
		{D74864C2-1839-404C-A1DA-1B3EC198A4E0}.AppStore|Any CPU.Build.0 = Debug|Any CPU
		{D74864C2-1839-404C-A1DA-1B3EC198A4E0}.AppStore|ARM.ActiveCfg = Debug|Any CPU
		{D74864C2-1839-404C-A1DA-1B3EC198A4E0}.AppStore|ARM.Build.0 = Debug|Any CPU
		{D74864C2-1839-404C-A1DA-1B3EC198A4E0}.AppStore|ARM64.ActiveCfg = Debug|Any CPU
		{D74864C2-1839-404C-A1DA-1B3EC198A4E0}.AppStore|ARM64.Build.0 = Debug|Any CPU
		{D74864C2-1839-404C-A1DA-1B3EC198A4E0}.AppStore|iPhone.ActiveCfg = Debug|Any CPU
		{D74864C2-1839-404C-A1DA-1B3EC198A4E0}.AppStore|iPhone.Build.0 = Debug|Any CPU
		{D74864C2-1839-404C-A1DA-1B3EC198A4E0}.AppStore|iPhoneSimulator.ActiveCfg = Debug|Any CPU
		{D74864C2-1839-404C-A1DA-1B3EC198A4E0}.AppStore|iPhoneSimulator.Build.0 = Debug|Any CPU
		{D74864C2-1839-404C-A1DA-1B3EC198A4E0}.AppStore|x64.ActiveCfg = Debug|Any CPU
		{D74864C2-1839-404C-A1DA-1B3EC198A4E0}.AppStore|x64.Build.0 = Debug|Any CPU
		{D74864C2-1839-404C-A1DA-1B3EC198A4E0}.AppStore|x86.ActiveCfg = Debug|Any CPU
		{D74864C2-1839-404C-A1DA-1B3EC198A4E0}.AppStore|x86.Build.0 = Debug|Any CPU
		{D74864C2-1839-404C-A1DA-1B3EC198A4E0}.Debug|Any CPU.ActiveCfg = Debug|Any CPU
		{D74864C2-1839-404C-A1DA-1B3EC198A4E0}.Debug|ARM.ActiveCfg = Debug|Any CPU
		{D74864C2-1839-404C-A1DA-1B3EC198A4E0}.Debug|ARM.Build.0 = Debug|Any CPU
		{D74864C2-1839-404C-A1DA-1B3EC198A4E0}.Debug|ARM64.ActiveCfg = Debug|Any CPU
		{D74864C2-1839-404C-A1DA-1B3EC198A4E0}.Debug|ARM64.Build.0 = Debug|Any CPU
		{D74864C2-1839-404C-A1DA-1B3EC198A4E0}.Debug|iPhone.ActiveCfg = Debug|Any CPU
		{D74864C2-1839-404C-A1DA-1B3EC198A4E0}.Debug|iPhone.Build.0 = Debug|Any CPU
		{D74864C2-1839-404C-A1DA-1B3EC198A4E0}.Debug|iPhoneSimulator.ActiveCfg = Debug|Any CPU
		{D74864C2-1839-404C-A1DA-1B3EC198A4E0}.Debug|iPhoneSimulator.Build.0 = Debug|Any CPU
		{D74864C2-1839-404C-A1DA-1B3EC198A4E0}.Debug|x64.ActiveCfg = Debug|Any CPU
		{D74864C2-1839-404C-A1DA-1B3EC198A4E0}.Debug|x64.Build.0 = Debug|Any CPU
		{D74864C2-1839-404C-A1DA-1B3EC198A4E0}.Debug|x86.ActiveCfg = Debug|Any CPU
		{D74864C2-1839-404C-A1DA-1B3EC198A4E0}.Debug|x86.Build.0 = Debug|Any CPU
		{D74864C2-1839-404C-A1DA-1B3EC198A4E0}.Release|Any CPU.ActiveCfg = Release|Any CPU
		{D74864C2-1839-404C-A1DA-1B3EC198A4E0}.Release|Any CPU.Build.0 = Release|Any CPU
		{D74864C2-1839-404C-A1DA-1B3EC198A4E0}.Release|ARM.ActiveCfg = Release|Any CPU
		{D74864C2-1839-404C-A1DA-1B3EC198A4E0}.Release|ARM.Build.0 = Release|Any CPU
		{D74864C2-1839-404C-A1DA-1B3EC198A4E0}.Release|ARM64.ActiveCfg = Release|Any CPU
		{D74864C2-1839-404C-A1DA-1B3EC198A4E0}.Release|ARM64.Build.0 = Release|Any CPU
		{D74864C2-1839-404C-A1DA-1B3EC198A4E0}.Release|iPhone.ActiveCfg = Release|Any CPU
		{D74864C2-1839-404C-A1DA-1B3EC198A4E0}.Release|iPhone.Build.0 = Release|Any CPU
		{D74864C2-1839-404C-A1DA-1B3EC198A4E0}.Release|iPhoneSimulator.ActiveCfg = Release|Any CPU
		{D74864C2-1839-404C-A1DA-1B3EC198A4E0}.Release|iPhoneSimulator.Build.0 = Release|Any CPU
		{D74864C2-1839-404C-A1DA-1B3EC198A4E0}.Release|x64.ActiveCfg = Release|Any CPU
		{D74864C2-1839-404C-A1DA-1B3EC198A4E0}.Release|x64.Build.0 = Release|Any CPU
		{D74864C2-1839-404C-A1DA-1B3EC198A4E0}.Release|x86.ActiveCfg = Release|Any CPU
		{D74864C2-1839-404C-A1DA-1B3EC198A4E0}.Release|x86.Build.0 = Release|Any CPU
	EndGlobalSection
	GlobalSection(SolutionProperties) = preSolution
		HideSolutionNode = FALSE
	EndGlobalSection
	GlobalSection(NestedProjects) = preSolution
		{5D9FD1B3-0AC7-410F-AF13-7801A034A2F1} = {8FFECD19-BCBC-4CB6-9DCE-95C0E6D39226}
		{2C62C428-F997-4F3D-ACCE-8B4477AAC300} = {8FFECD19-BCBC-4CB6-9DCE-95C0E6D39226}
		{610640CA-D253-4FB5-9A15-02ED59B69F58} = {8FFECD19-BCBC-4CB6-9DCE-95C0E6D39226}
		{35FA0B6E-5047-4129-9F9A-E5902940A052} = {8FFECD19-BCBC-4CB6-9DCE-95C0E6D39226}
		{CAFCCF7F-8342-473A-91FE-DC2217AFDDA4} = {8FFECD19-BCBC-4CB6-9DCE-95C0E6D39226}
		{7E987B5A-EA5D-4F40-9F80-360BCE120834} = {DD9825DB-A0E0-4443-8143-BC9FD44C3824}
		{FB0F39CC-EBDA-4AED-953A-2270C5510724} = {9C92BA92-5513-4604-A1B9-ACE68EDC6CD5}
		{E12F7532-7A86-4BC6-BF67-B938439F5837} = {DD9825DB-A0E0-4443-8143-BC9FD44C3824}
		{0F89FF82-9FB5-4F4E-8989-CB8F7D0D921C} = {8FFECD19-BCBC-4CB6-9DCE-95C0E6D39226}
		{84A45861-7E0B-4B9B-A42A-7DBA8F817A3B} = {8FFECD19-BCBC-4CB6-9DCE-95C0E6D39226}
		{C55975CA-BF3A-4810-A38B-3916E2DE5D4B} = {8FFECD19-BCBC-4CB6-9DCE-95C0E6D39226}
		{195D8ED4-374D-4D53-B0B7-4C924F684D54} = {8FFECD19-BCBC-4CB6-9DCE-95C0E6D39226}
		{D74864C2-1839-404C-A1DA-1B3EC198A4E0} = {85E1DE40-5261-4947-8E72-885DAA62D43A}
	EndGlobalSection
	GlobalSection(ExtensibilityGlobals) = postSolution
		SolutionGuid = {8CB50EA0-484E-4609-AF57-C9154B6E3DB7}
	EndGlobalSection
EndGlobal
